// !$*UTF8*$!
{
	archiveVersion = 1;
	classes = {
	};
	objectVersion = 56;
	objects = {

/* Begin PBXBuildFile section */
		AA127E912B474E0E0058CE06 /* StubEditorNotes.swift in Sources */ = {isa = PBXBuildFile; fileRef = AA127E902B474E0E0058CE06 /* StubEditorNotes.swift */; };
		AA19591C2B753CA600266267 /* AddConcertTip.swift in Sources */ = {isa = PBXBuildFile; fileRef = AA19591B2B753CA600266267 /* AddConcertTip.swift */; };
		AA25B98A2BCEF183003B11D3 /* XCTestCase+DelayedAssert.swift in Sources */ = {isa = PBXBuildFile; fileRef = AA25B9892BCEF183003B11D3 /* XCTestCase+DelayedAssert.swift */; };
		AA25B98C2BCEF374003B11D3 /* XCUIApplication+ClearTextField.swift in Sources */ = {isa = PBXBuildFile; fileRef = AA25B98B2BCEF374003B11D3 /* XCUIApplication+ClearTextField.swift */; };
		AA25B98E2BD0091E003B11D3 /* ArtistsViewScreen.swift in Sources */ = {isa = PBXBuildFile; fileRef = AA25B98D2BD0091E003B11D3 /* ArtistsViewScreen.swift */; };
		AA25B9902BD01D02003B11D3 /* StubCollectionScreen.swift in Sources */ = {isa = PBXBuildFile; fileRef = AA25B98F2BD01D02003B11D3 /* StubCollectionScreen.swift */; };
		AA25B9922BD02440003B11D3 /* VenuesViewScreen.swift in Sources */ = {isa = PBXBuildFile; fileRef = AA25B9912BD02440003B11D3 /* VenuesViewScreen.swift */; };
		AA2A03932B555ACA002C1071 /* StubCountIndicator.swift in Sources */ = {isa = PBXBuildFile; fileRef = AA2A03922B555ACA002C1071 /* StubCountIndicator.swift */; };
		AA3C71F22B916F7100C24B2B /* FullBioToggle.swift in Sources */ = {isa = PBXBuildFile; fileRef = AA3C71F12B916F7100C24B2B /* FullBioToggle.swift */; };
		AA3C72372B93B56C00C24B2B /* ArtistListRowLabel.swift in Sources */ = {isa = PBXBuildFile; fileRef = AA3C72362B93B56C00C24B2B /* ArtistListRowLabel.swift */; };
		AA3C72392B93B75200C24B2B /* ArtistGridItemLabel.swift in Sources */ = {isa = PBXBuildFile; fileRef = AA3C72382B93B75200C24B2B /* ArtistGridItemLabel.swift */; };
		AA3C723B2B94007100C24B2B /* ArtistListView.swift in Sources */ = {isa = PBXBuildFile; fileRef = AA3C723A2B94007100C24B2B /* ArtistListView.swift */; };
		AA3C723D2B94043200C24B2B /* ArtistGridView.swift in Sources */ = {isa = PBXBuildFile; fileRef = AA3C723C2B94043200C24B2B /* ArtistGridView.swift */; };
		AA3C723F2B940F0E00C24B2B /* ArtistMenuLabel.swift in Sources */ = {isa = PBXBuildFile; fileRef = AA3C723E2B940F0E00C24B2B /* ArtistMenuLabel.swift */; };
		AA3C72432B941B2000C24B2B /* ToolbarButtonLabel.swift in Sources */ = {isa = PBXBuildFile; fileRef = AA3C72422B941B2000C24B2B /* ToolbarButtonLabel.swift */; };
		AA3C72452B94320800C24B2B /* FavoriteToggleLabel.swift in Sources */ = {isa = PBXBuildFile; fileRef = AA3C72442B94320800C24B2B /* FavoriteToggleLabel.swift */; };
		AA4202F02A38C8F1002EA5CD /* StubEditorColorSelector.swift in Sources */ = {isa = PBXBuildFile; fileRef = AA4202EF2A38C8F1002EA5CD /* StubEditorColorSelector.swift */; };
		AA4202F22A38E749002EA5CD /* StubEditorIconSelector.swift in Sources */ = {isa = PBXBuildFile; fileRef = AA4202F12A38E749002EA5CD /* StubEditorIconSelector.swift */; };
		AA4588362B9A1A470099D6C0 /* WidgetKit.framework in Frameworks */ = {isa = PBXBuildFile; fileRef = AAC34E912B979FB400BBA44A /* WidgetKit.framework */; };
		AA4588372B9A1A470099D6C0 /* SwiftUI.framework in Frameworks */ = {isa = PBXBuildFile; fileRef = AAC34E932B979FB400BBA44A /* SwiftUI.framework */; };
		AA45883A2B9A1A470099D6C0 /* StubsWidgetBundle.swift in Sources */ = {isa = PBXBuildFile; fileRef = AA4588392B9A1A470099D6C0 /* StubsWidgetBundle.swift */; };
		AA45883C2B9A1A470099D6C0 /* StubsWidget.swift in Sources */ = {isa = PBXBuildFile; fileRef = AA45883B2B9A1A470099D6C0 /* StubsWidget.swift */; };
		AA45883E2B9A1A4A0099D6C0 /* Assets.xcassets in Resources */ = {isa = PBXBuildFile; fileRef = AA45883D2B9A1A4A0099D6C0 /* Assets.xcassets */; };
		AA4588422B9A1A4A0099D6C0 /* StubsWidgetExtension.appex in Embed Foundation Extensions */ = {isa = PBXBuildFile; fileRef = AA4588352B9A1A470099D6C0 /* StubsWidgetExtension.appex */; settings = {ATTRIBUTES = (RemoveHeadersOnCopy, ); }; };
		AA5615F82B27AB5B00A35D4A /* AlbumService.swift in Sources */ = {isa = PBXBuildFile; fileRef = AA5615F72B27AB5B00A35D4A /* AlbumService.swift */; };
		AA59EF9E2B3B152900EC82EB /* StubEditorStubPreview.swift in Sources */ = {isa = PBXBuildFile; fileRef = AA59EF9D2B3B152900EC82EB /* StubEditorStubPreview.swift */; };
		AA5E74E32B3DA67F005DBD87 /* ArtistService.swift in Sources */ = {isa = PBXBuildFile; fileRef = AA5E74E22B3DA67F005DBD87 /* ArtistService.swift */; };
		AA5E74E62B3DAA52005DBD87 /* ArtistDetailView.swift in Sources */ = {isa = PBXBuildFile; fileRef = AA5E74E52B3DAA52005DBD87 /* ArtistDetailView.swift */; };
		AA5E74E82B3DE0BC005DBD87 /* ArtistDetailVenuesMap.swift in Sources */ = {isa = PBXBuildFile; fileRef = AA5E74E72B3DE0BC005DBD87 /* ArtistDetailVenuesMap.swift */; };
		AA5E74F32B3EFD81005DBD87 /* TabBarContainer.swift in Sources */ = {isa = PBXBuildFile; fileRef = AA5E74F02B3EFD81005DBD87 /* TabBarContainer.swift */; };
		AA5E74F42B3EFD81005DBD87 /* TabBarItemPreferenceKey.swift in Sources */ = {isa = PBXBuildFile; fileRef = AA5E74F12B3EFD81005DBD87 /* TabBarItemPreferenceKey.swift */; };
		AA5E74F52B3EFD81005DBD87 /* MaterialTabBar.swift in Sources */ = {isa = PBXBuildFile; fileRef = AA5E74F22B3EFD81005DBD87 /* MaterialTabBar.swift */; };
		AA5E74F72B3EFDDE005DBD87 /* TabBarItem.swift in Sources */ = {isa = PBXBuildFile; fileRef = AA5E74F62B3EFDDE005DBD87 /* TabBarItem.swift */; };
		AA5E74FA2B3EFF9B005DBD87 /* ArtistsView.swift in Sources */ = {isa = PBXBuildFile; fileRef = AA5E74F92B3EFF9B005DBD87 /* ArtistsView.swift */; };
		AA62228E2B2A58F5004899A9 /* AlbumScrollView.swift in Sources */ = {isa = PBXBuildFile; fileRef = AA62228D2B2A58F5004899A9 /* AlbumScrollView.swift */; };
		AA6222902B2B367C004899A9 /* NoStubsView.swift in Sources */ = {isa = PBXBuildFile; fileRef = AA62228F2B2B367C004899A9 /* NoStubsView.swift */; };
		AA675E612BAA0BB4000C23C8 /* ColorExtensionTests.swift in Sources */ = {isa = PBXBuildFile; fileRef = AA675E602BAA0BB4000C23C8 /* ColorExtensionTests.swift */; };
		AA675E6B2BACBD5D000C23C8 /* MapKitService.swift in Sources */ = {isa = PBXBuildFile; fileRef = AA675E6A2BACBD5D000C23C8 /* MapKitService.swift */; };
		AA675E6D2BACC4DA000C23C8 /* MapKitServiceTests.swift in Sources */ = {isa = PBXBuildFile; fileRef = AA675E6C2BACC4DA000C23C8 /* MapKitServiceTests.swift */; };
		AA675E712BACCBFE000C23C8 /* StubStyle.swift in Sources */ = {isa = PBXBuildFile; fileRef = AA675E702BACCBFE000C23C8 /* StubStyle.swift */; };
		AA745A9A2BAF73B500618EBE /* ConcertService.swift in Sources */ = {isa = PBXBuildFile; fileRef = AA745A992BAF73B500618EBE /* ConcertService.swift */; };
		AA745AA12BB09CEF00618EBE /* AlbumSearchError.swift in Sources */ = {isa = PBXBuildFile; fileRef = AA745AA02BB09CEF00618EBE /* AlbumSearchError.swift */; };
		AA745AA32BB09D5200618EBE /* ArtistServiceError.swift in Sources */ = {isa = PBXBuildFile; fileRef = AA745AA22BB09D5200618EBE /* ArtistServiceError.swift */; };
		AA7B228A2B7CE0030017B3F0 /* ArtistImageView.swift in Sources */ = {isa = PBXBuildFile; fileRef = AA7B22892B7CE0030017B3F0 /* ArtistImageView.swift */; };
		AA7B228E2B818E320017B3F0 /* TileBase.swift in Sources */ = {isa = PBXBuildFile; fileRef = AA7B228D2B818E320017B3F0 /* TileBase.swift */; };
		AA7B22902B819F380017B3F0 /* ArtistTile.swift in Sources */ = {isa = PBXBuildFile; fileRef = AA7B228F2B819F380017B3F0 /* ArtistTile.swift */; };
		AA7B22922B837D9C0017B3F0 /* StubTile.swift in Sources */ = {isa = PBXBuildFile; fileRef = AA7B22912B837D9C0017B3F0 /* StubTile.swift */; };
		AA7B22962B86F7A80017B3F0 /* StatViewLabel.swift in Sources */ = {isa = PBXBuildFile; fileRef = AA7B22952B86F7A80017B3F0 /* StatViewLabel.swift */; };
		AA7C57EE2B249B7B006843C4 /* StubShape.swift in Sources */ = {isa = PBXBuildFile; fileRef = AA7C57ED2B249B7B006843C4 /* StubShape.swift */; };
		AA87B0D22B47AB1D0071DB44 /* AlbumScrollViewLabel.swift in Sources */ = {isa = PBXBuildFile; fileRef = AA87B0D12B47AB1D0071DB44 /* AlbumScrollViewLabel.swift */; };
		AA87B0D42B47ADEC0071DB44 /* AlbumScrollViewPlaceholder.swift in Sources */ = {isa = PBXBuildFile; fileRef = AA87B0D32B47ADEC0071DB44 /* AlbumScrollViewPlaceholder.swift */; };
		AA87B0DB2B48F6530071DB44 /* ArtistDetailBannerView.swift in Sources */ = {isa = PBXBuildFile; fileRef = AA87B0DA2B48F6530071DB44 /* ArtistDetailBannerView.swift */; };
		AA87B0DD2B4A24D20071DB44 /* Artist.swift in Sources */ = {isa = PBXBuildFile; fileRef = AA87B0DC2B4A24D20071DB44 /* Artist.swift */; };
		AA8A746C2A32BDF3003E9B41 /* StubsApp.swift in Sources */ = {isa = PBXBuildFile; fileRef = AA8A746B2A32BDF3003E9B41 /* StubsApp.swift */; };
		AA8A746E2A32BDF3003E9B41 /* StubCollection.swift in Sources */ = {isa = PBXBuildFile; fileRef = AA8A746D2A32BDF3003E9B41 /* StubCollection.swift */; };
		AA8A74702A32BDF4003E9B41 /* Assets.xcassets in Resources */ = {isa = PBXBuildFile; fileRef = AA8A746F2A32BDF4003E9B41 /* Assets.xcassets */; };
		AA8A74732A32BDF4003E9B41 /* Preview Assets.xcassets in Resources */ = {isa = PBXBuildFile; fileRef = AA8A74722A32BDF4003E9B41 /* Preview Assets.xcassets */; };
		AA8A74752A32BDF4003E9B41 /* Concert.swift in Sources */ = {isa = PBXBuildFile; fileRef = AA8A74742A32BDF4003E9B41 /* Concert.swift */; };
		AA8A747F2A32BF79003E9B41 /* StubEditor.swift in Sources */ = {isa = PBXBuildFile; fileRef = AA8A747E2A32BF79003E9B41 /* StubEditor.swift */; };
		AA8A74822A32C912003E9B41 /* Extension-Color.swift in Sources */ = {isa = PBXBuildFile; fileRef = AA8A74812A32C912003E9B41 /* Extension-Color.swift */; };
		AA8A74862A32D5B1003E9B41 /* StubCollectionRowLabel.swift in Sources */ = {isa = PBXBuildFile; fileRef = AA8A74852A32D5B1003E9B41 /* StubCollectionRowLabel.swift */; };
		AA8A748C2A33A43E003E9B41 /* StubDetailView.swift in Sources */ = {isa = PBXBuildFile; fileRef = AA8A748B2A33A43E003E9B41 /* StubDetailView.swift */; };
		AA97CF332BB1CDA8000A2725 /* ConcertServiceError.swift in Sources */ = {isa = PBXBuildFile; fileRef = AA97CF322BB1CDA8000A2725 /* ConcertServiceError.swift */; };
		AA97CF352BB1FEF7000A2725 /* SaveError.swift in Sources */ = {isa = PBXBuildFile; fileRef = AA97CF342BB1FEF7000A2725 /* SaveError.swift */; };
		AAA3B7542A4A0E01002D2215 /* VenueMapView.swift in Sources */ = {isa = PBXBuildFile; fileRef = AAA3B7532A4A0E01002D2215 /* VenueMapView.swift */; };
		AAA418472B29DC2400E59B51 /* RapidAPIKey.swift in Sources */ = {isa = PBXBuildFile; fileRef = AAA418462B29DC2400E59B51 /* RapidAPIKey.swift */; };
		AAACA44B2B69217B0078DE2F /* VenueTile.swift in Sources */ = {isa = PBXBuildFile; fileRef = AAACA44A2B69217B0078DE2F /* VenueTile.swift */; };
		AAAE3D672BA4BC2400F2BC3E /* ArtistServiceTests.swift in Sources */ = {isa = PBXBuildFile; fileRef = AAAE3D662BA4BC2400F2BC3E /* ArtistServiceTests.swift */; };
		AAAE3D732BA6A2B000F2BC3E /* Keys.swift in Sources */ = {isa = PBXBuildFile; fileRef = AAAE3D722BA6A2B000F2BC3E /* Keys.swift */; };
		AAAE3D752BA6A52500F2BC3E /* Album.swift in Sources */ = {isa = PBXBuildFile; fileRef = AAAE3D742BA6A52500F2BC3E /* Album.swift */; };
		AAAE3D792BA6A71A00F2BC3E /* AlbumServiceTests.swift in Sources */ = {isa = PBXBuildFile; fileRef = AAAE3D782BA6A71A00F2BC3E /* AlbumServiceTests.swift */; };
		AAB050192A59D88600EB88BD /* StubView.swift in Sources */ = {isa = PBXBuildFile; fileRef = AAB050182A59D88600EB88BD /* StubView.swift */; };
		AAB57E602BA34D0B00F1ED56 /* ConcertTests.swift in Sources */ = {isa = PBXBuildFile; fileRef = AAB57E5F2BA34D0B00F1ED56 /* ConcertTests.swift */; };
		AAB57E622BA3506B00F1ED56 /* TestFunctions.swift in Sources */ = {isa = PBXBuildFile; fileRef = AAB57E612BA3506B00F1ED56 /* TestFunctions.swift */; };
		AAB57E642BA3D82B00F1ED56 /* ArtistTests.swift in Sources */ = {isa = PBXBuildFile; fileRef = AAB57E632BA3D82B00F1ED56 /* ArtistTests.swift */; };
		AAC0A5D12BC6AA41001CF3F6 /* StubCollectionUITests.swift in Sources */ = {isa = PBXBuildFile; fileRef = AAC0A5D02BC6AA41001CF3F6 /* StubCollectionUITests.swift */; };
		AAC0A5DC2BC70DF5001CF3F6 /* StubEditorUITests.swift in Sources */ = {isa = PBXBuildFile; fileRef = AAC0A5DB2BC70DF5001CF3F6 /* StubEditorUITests.swift */; };
		AAC0A5DE2BC83D42001CF3F6 /* ArtistsViewUITests.swift in Sources */ = {isa = PBXBuildFile; fileRef = AAC0A5DD2BC83D42001CF3F6 /* ArtistsViewUITests.swift */; };
		AAC0A5E02BC954D2001CF3F6 /* VenuesViewUITests.swift in Sources */ = {isa = PBXBuildFile; fileRef = AAC0A5DF2BC954D2001CF3F6 /* VenuesViewUITests.swift */; };
		AAC0A61A2BCA2C40001CF3F6 /* StubEditorScreen.swift in Sources */ = {isa = PBXBuildFile; fileRef = AAC0A6192BCA2C40001CF3F6 /* StubEditorScreen.swift */; };
		AAC4D4CE2B2B41790098D28D /* ContentView.swift in Sources */ = {isa = PBXBuildFile; fileRef = AAC4D4CD2B2B41790098D28D /* ContentView.swift */; };
		AAC4D4D02B2E77F80098D28D /* StubEditorDetails.swift in Sources */ = {isa = PBXBuildFile; fileRef = AAC4D4CF2B2E77F80098D28D /* StubEditorDetails.swift */; };
		AAC4D4DA2B2F594F0098D28D /* VerticalLineBoundary.swift in Sources */ = {isa = PBXBuildFile; fileRef = AAC4D4D92B2F594F0098D28D /* VerticalLineBoundary.swift */; };
		AAC4D4DE2B2FD6420098D28D /* FavoriteIcon.swift in Sources */ = {isa = PBXBuildFile; fileRef = AAC4D4DD2B2FD6420098D28D /* FavoriteIcon.swift */; };
		AAC4D4E02B2FF4E00098D28D /* StubThumbnail.swift in Sources */ = {isa = PBXBuildFile; fileRef = AAC4D4DF2B2FF4E00098D28D /* StubThumbnail.swift */; };
		AAC4D4E22B2FF5A40098D28D /* RelatedStubScrollView.swift in Sources */ = {isa = PBXBuildFile; fileRef = AAC4D4E12B2FF5A40098D28D /* RelatedStubScrollView.swift */; };
		AAC4D4E42B2FFF400098D28D /* ArtistStubsLabel.swift in Sources */ = {isa = PBXBuildFile; fileRef = AAC4D4E32B2FFF400098D28D /* ArtistStubsLabel.swift */; };
		AAC4D4E62B31B7470098D28D /* StubNotesView.swift in Sources */ = {isa = PBXBuildFile; fileRef = AAC4D4E52B31B7470098D28D /* StubNotesView.swift */; };
		AACBD17E2B5B09710093EAB7 /* ProfileView.swift in Sources */ = {isa = PBXBuildFile; fileRef = AACBD17D2B5B09710093EAB7 /* ProfileView.swift */; };
		AAD8B0B12B66027D00693D14 /* VenuesView.swift in Sources */ = {isa = PBXBuildFile; fileRef = AAD8B0B02B66027D00693D14 /* VenuesView.swift */; };
		AAD8B0B32B66039400693D14 /* VenueGridExpandedMapView.swift in Sources */ = {isa = PBXBuildFile; fileRef = AAD8B0B22B66039400693D14 /* VenueGridExpandedMapView.swift */; };
		AADBF81F2B9F7640002F36D6 /* ArtistsViewOptionsTip.swift in Sources */ = {isa = PBXBuildFile; fileRef = AADBF81E2B9F7640002F36D6 /* ArtistsViewOptionsTip.swift */; };
		AADBF8212B9F767A002F36D6 /* FavoriteConcertTip.swift in Sources */ = {isa = PBXBuildFile; fileRef = AADBF8202B9F767A002F36D6 /* FavoriteConcertTip.swift */; };
		AADD10302BB3269700E2DE4B /* MapKitServiceError.swift in Sources */ = {isa = PBXBuildFile; fileRef = AADD102F2BB3269700E2DE4B /* MapKitServiceError.swift */; };
		AADD10712BB6D47D00E2DE4B /* ConcertServiceTests.swift in Sources */ = {isa = PBXBuildFile; fileRef = AADD10702BB6D47D00E2DE4B /* ConcertServiceTests.swift */; };
		AADE4FBB2B601E31000C7DF3 /* SortOrder.swift in Sources */ = {isa = PBXBuildFile; fileRef = AADE4FBA2B601E31000C7DF3 /* SortOrder.swift */; };
		AAE8AB372A3CD89F0069DAF4 /* ActionButton.swift in Sources */ = {isa = PBXBuildFile; fileRef = AAE8AB362A3CD89F0069DAF4 /* ActionButton.swift */; };
		AAEDF07F2B596BC50059F8B6 /* DebugData.swift in Sources */ = {isa = PBXBuildFile; fileRef = AAEDF07E2B596BC50059F8B6 /* DebugData.swift */; };
		AAF75E682B9A1AD100DFEA89 /* StubShape.swift in Sources */ = {isa = PBXBuildFile; fileRef = AA7C57ED2B249B7B006843C4 /* StubShape.swift */; };
		AAF75E692B9A1AD100DFEA89 /* VerticalLineBoundary.swift in Sources */ = {isa = PBXBuildFile; fileRef = AAC4D4D92B2F594F0098D28D /* VerticalLineBoundary.swift */; };
		AAF75E6A2B9A1BB500DFEA89 /* Artist.swift in Sources */ = {isa = PBXBuildFile; fileRef = AA87B0DC2B4A24D20071DB44 /* Artist.swift */; };
		AAF75E6B2B9A1BB500DFEA89 /* Concert.swift in Sources */ = {isa = PBXBuildFile; fileRef = AA8A74742A32BDF4003E9B41 /* Concert.swift */; };
/* End PBXBuildFile section */

/* Begin PBXContainerItemProxy section */
		AA4588402B9A1A4A0099D6C0 /* PBXContainerItemProxy */ = {
			isa = PBXContainerItemProxy;
			containerPortal = AA8A74602A32BDF3003E9B41 /* Project object */;
			proxyType = 1;
			remoteGlobalIDString = AA4588342B9A1A470099D6C0;
			remoteInfo = StubsWidgetExtension;
		};
		AAB57E5A2BA34C8400F1ED56 /* PBXContainerItemProxy */ = {
			isa = PBXContainerItemProxy;
			containerPortal = AA8A74602A32BDF3003E9B41 /* Project object */;
			proxyType = 1;
			remoteGlobalIDString = AA8A74672A32BDF3003E9B41;
			remoteInfo = Stubs;
		};
		AAC0A5D42BC6AA41001CF3F6 /* PBXContainerItemProxy */ = {
			isa = PBXContainerItemProxy;
			containerPortal = AA8A74602A32BDF3003E9B41 /* Project object */;
			proxyType = 1;
			remoteGlobalIDString = AA8A74672A32BDF3003E9B41;
			remoteInfo = Stubs;
		};
/* End PBXContainerItemProxy section */

/* Begin PBXCopyFilesBuildPhase section */
		AA3C72082B92C7EC00C24B2B /* Embed Watch Content */ = {
			isa = PBXCopyFilesBuildPhase;
			buildActionMask = 2147483647;
			dstPath = "$(CONTENTS_FOLDER_PATH)/Watch";
			dstSubfolderSpec = 16;
			files = (
			);
			name = "Embed Watch Content";
			runOnlyForDeploymentPostprocessing = 0;
		};
		AAC34EA42B979FB500BBA44A /* Embed Foundation Extensions */ = {
			isa = PBXCopyFilesBuildPhase;
			buildActionMask = 2147483647;
			dstPath = "";
			dstSubfolderSpec = 13;
			files = (
				AA4588422B9A1A4A0099D6C0 /* StubsWidgetExtension.appex in Embed Foundation Extensions */,
			);
			name = "Embed Foundation Extensions";
			runOnlyForDeploymentPostprocessing = 0;
		};
/* End PBXCopyFilesBuildPhase section */

/* Begin PBXFileReference section */
		AA127E902B474E0E0058CE06 /* StubEditorNotes.swift */ = {isa = PBXFileReference; lastKnownFileType = sourcecode.swift; path = StubEditorNotes.swift; sourceTree = "<group>"; };
		AA19591B2B753CA600266267 /* AddConcertTip.swift */ = {isa = PBXFileReference; lastKnownFileType = sourcecode.swift; path = AddConcertTip.swift; sourceTree = "<group>"; };
		AA25B9892BCEF183003B11D3 /* XCTestCase+DelayedAssert.swift */ = {isa = PBXFileReference; lastKnownFileType = sourcecode.swift; path = "XCTestCase+DelayedAssert.swift"; sourceTree = "<group>"; };
		AA25B98B2BCEF374003B11D3 /* XCUIApplication+ClearTextField.swift */ = {isa = PBXFileReference; lastKnownFileType = sourcecode.swift; path = "XCUIApplication+ClearTextField.swift"; sourceTree = "<group>"; };
		AA25B98D2BD0091E003B11D3 /* ArtistsViewScreen.swift */ = {isa = PBXFileReference; lastKnownFileType = sourcecode.swift; path = ArtistsViewScreen.swift; sourceTree = "<group>"; };
		AA25B98F2BD01D02003B11D3 /* StubCollectionScreen.swift */ = {isa = PBXFileReference; lastKnownFileType = sourcecode.swift; path = StubCollectionScreen.swift; sourceTree = "<group>"; };
		AA25B9912BD02440003B11D3 /* VenuesViewScreen.swift */ = {isa = PBXFileReference; lastKnownFileType = sourcecode.swift; path = VenuesViewScreen.swift; sourceTree = "<group>"; };
		AA2A03922B555ACA002C1071 /* StubCountIndicator.swift */ = {isa = PBXFileReference; lastKnownFileType = sourcecode.swift; path = StubCountIndicator.swift; sourceTree = "<group>"; };
		AA3C71F12B916F7100C24B2B /* FullBioToggle.swift */ = {isa = PBXFileReference; lastKnownFileType = sourcecode.swift; path = FullBioToggle.swift; sourceTree = "<group>"; };
		AA3C72362B93B56C00C24B2B /* ArtistListRowLabel.swift */ = {isa = PBXFileReference; lastKnownFileType = sourcecode.swift; path = ArtistListRowLabel.swift; sourceTree = "<group>"; };
		AA3C72382B93B75200C24B2B /* ArtistGridItemLabel.swift */ = {isa = PBXFileReference; lastKnownFileType = sourcecode.swift; path = ArtistGridItemLabel.swift; sourceTree = "<group>"; };
		AA3C723A2B94007100C24B2B /* ArtistListView.swift */ = {isa = PBXFileReference; lastKnownFileType = sourcecode.swift; path = ArtistListView.swift; sourceTree = "<group>"; };
		AA3C723C2B94043200C24B2B /* ArtistGridView.swift */ = {isa = PBXFileReference; lastKnownFileType = sourcecode.swift; path = ArtistGridView.swift; sourceTree = "<group>"; };
		AA3C723E2B940F0E00C24B2B /* ArtistMenuLabel.swift */ = {isa = PBXFileReference; lastKnownFileType = sourcecode.swift; path = ArtistMenuLabel.swift; sourceTree = "<group>"; };
		AA3C72422B941B2000C24B2B /* ToolbarButtonLabel.swift */ = {isa = PBXFileReference; lastKnownFileType = sourcecode.swift; path = ToolbarButtonLabel.swift; sourceTree = "<group>"; };
		AA3C72442B94320800C24B2B /* FavoriteToggleLabel.swift */ = {isa = PBXFileReference; lastKnownFileType = sourcecode.swift; path = FavoriteToggleLabel.swift; sourceTree = "<group>"; };
		AA4202EF2A38C8F1002EA5CD /* StubEditorColorSelector.swift */ = {isa = PBXFileReference; lastKnownFileType = sourcecode.swift; path = StubEditorColorSelector.swift; sourceTree = "<group>"; };
		AA4202F12A38E749002EA5CD /* StubEditorIconSelector.swift */ = {isa = PBXFileReference; lastKnownFileType = sourcecode.swift; path = StubEditorIconSelector.swift; sourceTree = "<group>"; };
		AA4588352B9A1A470099D6C0 /* StubsWidgetExtension.appex */ = {isa = PBXFileReference; explicitFileType = "wrapper.app-extension"; includeInIndex = 0; path = StubsWidgetExtension.appex; sourceTree = BUILT_PRODUCTS_DIR; };
		AA4588392B9A1A470099D6C0 /* StubsWidgetBundle.swift */ = {isa = PBXFileReference; lastKnownFileType = sourcecode.swift; path = StubsWidgetBundle.swift; sourceTree = "<group>"; };
		AA45883B2B9A1A470099D6C0 /* StubsWidget.swift */ = {isa = PBXFileReference; lastKnownFileType = sourcecode.swift; path = StubsWidget.swift; sourceTree = "<group>"; };
		AA45883D2B9A1A4A0099D6C0 /* Assets.xcassets */ = {isa = PBXFileReference; lastKnownFileType = folder.assetcatalog; path = Assets.xcassets; sourceTree = "<group>"; };
		AA45883F2B9A1A4A0099D6C0 /* Info.plist */ = {isa = PBXFileReference; lastKnownFileType = text.plist.xml; path = Info.plist; sourceTree = "<group>"; };
		AA5615F72B27AB5B00A35D4A /* AlbumService.swift */ = {isa = PBXFileReference; lastKnownFileType = sourcecode.swift; path = AlbumService.swift; sourceTree = "<group>"; };
		AA59EF9D2B3B152900EC82EB /* StubEditorStubPreview.swift */ = {isa = PBXFileReference; lastKnownFileType = sourcecode.swift; path = StubEditorStubPreview.swift; sourceTree = "<group>"; };
		AA5E74E22B3DA67F005DBD87 /* ArtistService.swift */ = {isa = PBXFileReference; lastKnownFileType = sourcecode.swift; path = ArtistService.swift; sourceTree = "<group>"; };
		AA5E74E52B3DAA52005DBD87 /* ArtistDetailView.swift */ = {isa = PBXFileReference; lastKnownFileType = sourcecode.swift; path = ArtistDetailView.swift; sourceTree = "<group>"; };
		AA5E74E72B3DE0BC005DBD87 /* ArtistDetailVenuesMap.swift */ = {isa = PBXFileReference; lastKnownFileType = sourcecode.swift; path = ArtistDetailVenuesMap.swift; sourceTree = "<group>"; };
		AA5E74F02B3EFD81005DBD87 /* TabBarContainer.swift */ = {isa = PBXFileReference; fileEncoding = 4; lastKnownFileType = sourcecode.swift; path = TabBarContainer.swift; sourceTree = "<group>"; };
		AA5E74F12B3EFD81005DBD87 /* TabBarItemPreferenceKey.swift */ = {isa = PBXFileReference; fileEncoding = 4; lastKnownFileType = sourcecode.swift; path = TabBarItemPreferenceKey.swift; sourceTree = "<group>"; };
		AA5E74F22B3EFD81005DBD87 /* MaterialTabBar.swift */ = {isa = PBXFileReference; fileEncoding = 4; lastKnownFileType = sourcecode.swift; path = MaterialTabBar.swift; sourceTree = "<group>"; };
		AA5E74F62B3EFDDE005DBD87 /* TabBarItem.swift */ = {isa = PBXFileReference; fileEncoding = 4; lastKnownFileType = sourcecode.swift; path = TabBarItem.swift; sourceTree = "<group>"; };
		AA5E74F92B3EFF9B005DBD87 /* ArtistsView.swift */ = {isa = PBXFileReference; lastKnownFileType = sourcecode.swift; path = ArtistsView.swift; sourceTree = "<group>"; };
		AA62228D2B2A58F5004899A9 /* AlbumScrollView.swift */ = {isa = PBXFileReference; lastKnownFileType = sourcecode.swift; path = AlbumScrollView.swift; sourceTree = "<group>"; };
		AA62228F2B2B367C004899A9 /* NoStubsView.swift */ = {isa = PBXFileReference; lastKnownFileType = sourcecode.swift; path = NoStubsView.swift; sourceTree = "<group>"; };
		AA675E602BAA0BB4000C23C8 /* ColorExtensionTests.swift */ = {isa = PBXFileReference; lastKnownFileType = sourcecode.swift; path = ColorExtensionTests.swift; sourceTree = "<group>"; };
		AA675E6A2BACBD5D000C23C8 /* MapKitService.swift */ = {isa = PBXFileReference; lastKnownFileType = sourcecode.swift; path = MapKitService.swift; sourceTree = "<group>"; };
		AA675E6C2BACC4DA000C23C8 /* MapKitServiceTests.swift */ = {isa = PBXFileReference; lastKnownFileType = sourcecode.swift; path = MapKitServiceTests.swift; sourceTree = "<group>"; };
		AA675E702BACCBFE000C23C8 /* StubStyle.swift */ = {isa = PBXFileReference; lastKnownFileType = sourcecode.swift; path = StubStyle.swift; sourceTree = "<group>"; };
		AA745A992BAF73B500618EBE /* ConcertService.swift */ = {isa = PBXFileReference; lastKnownFileType = sourcecode.swift; path = ConcertService.swift; sourceTree = "<group>"; };
		AA745AA02BB09CEF00618EBE /* AlbumSearchError.swift */ = {isa = PBXFileReference; lastKnownFileType = sourcecode.swift; path = AlbumSearchError.swift; sourceTree = "<group>"; };
		AA745AA22BB09D5200618EBE /* ArtistServiceError.swift */ = {isa = PBXFileReference; lastKnownFileType = sourcecode.swift; path = ArtistServiceError.swift; sourceTree = "<group>"; };
		AA7B22892B7CE0030017B3F0 /* ArtistImageView.swift */ = {isa = PBXFileReference; lastKnownFileType = sourcecode.swift; path = ArtistImageView.swift; sourceTree = "<group>"; };
		AA7B228D2B818E320017B3F0 /* TileBase.swift */ = {isa = PBXFileReference; lastKnownFileType = sourcecode.swift; path = TileBase.swift; sourceTree = "<group>"; };
		AA7B228F2B819F380017B3F0 /* ArtistTile.swift */ = {isa = PBXFileReference; lastKnownFileType = sourcecode.swift; path = ArtistTile.swift; sourceTree = "<group>"; };
		AA7B22912B837D9C0017B3F0 /* StubTile.swift */ = {isa = PBXFileReference; lastKnownFileType = sourcecode.swift; path = StubTile.swift; sourceTree = "<group>"; };
		AA7B22952B86F7A80017B3F0 /* StatViewLabel.swift */ = {isa = PBXFileReference; lastKnownFileType = sourcecode.swift; path = StatViewLabel.swift; sourceTree = "<group>"; };
		AA7C57ED2B249B7B006843C4 /* StubShape.swift */ = {isa = PBXFileReference; lastKnownFileType = sourcecode.swift; path = StubShape.swift; sourceTree = "<group>"; };
		AA87B0D12B47AB1D0071DB44 /* AlbumScrollViewLabel.swift */ = {isa = PBXFileReference; lastKnownFileType = sourcecode.swift; path = AlbumScrollViewLabel.swift; sourceTree = "<group>"; };
		AA87B0D32B47ADEC0071DB44 /* AlbumScrollViewPlaceholder.swift */ = {isa = PBXFileReference; lastKnownFileType = sourcecode.swift; path = AlbumScrollViewPlaceholder.swift; sourceTree = "<group>"; };
		AA87B0DA2B48F6530071DB44 /* ArtistDetailBannerView.swift */ = {isa = PBXFileReference; lastKnownFileType = sourcecode.swift; path = ArtistDetailBannerView.swift; sourceTree = "<group>"; };
		AA87B0DC2B4A24D20071DB44 /* Artist.swift */ = {isa = PBXFileReference; lastKnownFileType = sourcecode.swift; path = Artist.swift; sourceTree = "<group>"; };
		AA8A74682A32BDF3003E9B41 /* Stubs.app */ = {isa = PBXFileReference; explicitFileType = wrapper.application; includeInIndex = 0; path = Stubs.app; sourceTree = BUILT_PRODUCTS_DIR; };
		AA8A746B2A32BDF3003E9B41 /* StubsApp.swift */ = {isa = PBXFileReference; lastKnownFileType = sourcecode.swift; path = StubsApp.swift; sourceTree = "<group>"; };
		AA8A746D2A32BDF3003E9B41 /* StubCollection.swift */ = {isa = PBXFileReference; lastKnownFileType = sourcecode.swift; path = StubCollection.swift; sourceTree = "<group>"; };
		AA8A746F2A32BDF4003E9B41 /* Assets.xcassets */ = {isa = PBXFileReference; lastKnownFileType = folder.assetcatalog; path = Assets.xcassets; sourceTree = "<group>"; };
		AA8A74722A32BDF4003E9B41 /* Preview Assets.xcassets */ = {isa = PBXFileReference; lastKnownFileType = folder.assetcatalog; path = "Preview Assets.xcassets"; sourceTree = "<group>"; };
		AA8A74742A32BDF4003E9B41 /* Concert.swift */ = {isa = PBXFileReference; lastKnownFileType = sourcecode.swift; path = Concert.swift; sourceTree = "<group>"; };
		AA8A747E2A32BF79003E9B41 /* StubEditor.swift */ = {isa = PBXFileReference; lastKnownFileType = sourcecode.swift; path = StubEditor.swift; sourceTree = "<group>"; };
		AA8A74812A32C912003E9B41 /* Extension-Color.swift */ = {isa = PBXFileReference; lastKnownFileType = sourcecode.swift; path = "Extension-Color.swift"; sourceTree = "<group>"; };
		AA8A74852A32D5B1003E9B41 /* StubCollectionRowLabel.swift */ = {isa = PBXFileReference; lastKnownFileType = sourcecode.swift; path = StubCollectionRowLabel.swift; sourceTree = "<group>"; };
		AA8A748B2A33A43E003E9B41 /* StubDetailView.swift */ = {isa = PBXFileReference; lastKnownFileType = sourcecode.swift; path = StubDetailView.swift; sourceTree = "<group>"; };
		AA97CF322BB1CDA8000A2725 /* ConcertServiceError.swift */ = {isa = PBXFileReference; lastKnownFileType = sourcecode.swift; path = ConcertServiceError.swift; sourceTree = "<group>"; };
		AA97CF342BB1FEF7000A2725 /* SaveError.swift */ = {isa = PBXFileReference; lastKnownFileType = sourcecode.swift; path = SaveError.swift; sourceTree = "<group>"; };
		AAA3B7532A4A0E01002D2215 /* VenueMapView.swift */ = {isa = PBXFileReference; lastKnownFileType = sourcecode.swift; path = VenueMapView.swift; sourceTree = "<group>"; };
		AAA418462B29DC2400E59B51 /* RapidAPIKey.swift */ = {isa = PBXFileReference; lastKnownFileType = sourcecode.swift; path = RapidAPIKey.swift; sourceTree = "<group>"; };
		AAACA44A2B69217B0078DE2F /* VenueTile.swift */ = {isa = PBXFileReference; lastKnownFileType = sourcecode.swift; path = VenueTile.swift; sourceTree = "<group>"; };
		AAAE3D662BA4BC2400F2BC3E /* ArtistServiceTests.swift */ = {isa = PBXFileReference; lastKnownFileType = sourcecode.swift; path = ArtistServiceTests.swift; sourceTree = "<group>"; };
		AAAE3D722BA6A2B000F2BC3E /* Keys.swift */ = {isa = PBXFileReference; lastKnownFileType = sourcecode.swift; path = Keys.swift; sourceTree = "<group>"; };
		AAAE3D742BA6A52500F2BC3E /* Album.swift */ = {isa = PBXFileReference; lastKnownFileType = sourcecode.swift; path = Album.swift; sourceTree = "<group>"; };
		AAAE3D782BA6A71A00F2BC3E /* AlbumServiceTests.swift */ = {isa = PBXFileReference; lastKnownFileType = sourcecode.swift; path = AlbumServiceTests.swift; sourceTree = "<group>"; };
		AAB050182A59D88600EB88BD /* StubView.swift */ = {isa = PBXFileReference; lastKnownFileType = sourcecode.swift; path = StubView.swift; sourceTree = "<group>"; };
		AAB57E562BA34C8400F1ED56 /* StubsTests.xctest */ = {isa = PBXFileReference; explicitFileType = wrapper.cfbundle; includeInIndex = 0; path = StubsTests.xctest; sourceTree = BUILT_PRODUCTS_DIR; };
		AAB57E5F2BA34D0B00F1ED56 /* ConcertTests.swift */ = {isa = PBXFileReference; lastKnownFileType = sourcecode.swift; path = ConcertTests.swift; sourceTree = "<group>"; };
		AAB57E612BA3506B00F1ED56 /* TestFunctions.swift */ = {isa = PBXFileReference; lastKnownFileType = sourcecode.swift; path = TestFunctions.swift; sourceTree = "<group>"; };
		AAB57E632BA3D82B00F1ED56 /* ArtistTests.swift */ = {isa = PBXFileReference; lastKnownFileType = sourcecode.swift; path = ArtistTests.swift; sourceTree = "<group>"; };
		AAC0A5CE2BC6AA41001CF3F6 /* StubsUITests.xctest */ = {isa = PBXFileReference; explicitFileType = wrapper.cfbundle; includeInIndex = 0; path = StubsUITests.xctest; sourceTree = BUILT_PRODUCTS_DIR; };
		AAC0A5D02BC6AA41001CF3F6 /* StubCollectionUITests.swift */ = {isa = PBXFileReference; lastKnownFileType = sourcecode.swift; path = StubCollectionUITests.swift; sourceTree = "<group>"; };
		AAC0A5DB2BC70DF5001CF3F6 /* StubEditorUITests.swift */ = {isa = PBXFileReference; lastKnownFileType = sourcecode.swift; path = StubEditorUITests.swift; sourceTree = "<group>"; };
		AAC0A5DD2BC83D42001CF3F6 /* ArtistsViewUITests.swift */ = {isa = PBXFileReference; lastKnownFileType = sourcecode.swift; path = ArtistsViewUITests.swift; sourceTree = "<group>"; };
		AAC0A5DF2BC954D2001CF3F6 /* VenuesViewUITests.swift */ = {isa = PBXFileReference; lastKnownFileType = sourcecode.swift; path = VenuesViewUITests.swift; sourceTree = "<group>"; };
		AAC0A6192BCA2C40001CF3F6 /* StubEditorScreen.swift */ = {isa = PBXFileReference; lastKnownFileType = sourcecode.swift; path = StubEditorScreen.swift; sourceTree = "<group>"; };
		AAC34E912B979FB400BBA44A /* WidgetKit.framework */ = {isa = PBXFileReference; lastKnownFileType = wrapper.framework; name = WidgetKit.framework; path = System/Library/Frameworks/WidgetKit.framework; sourceTree = SDKROOT; };
		AAC34E932B979FB400BBA44A /* SwiftUI.framework */ = {isa = PBXFileReference; lastKnownFileType = wrapper.framework; name = SwiftUI.framework; path = System/Library/Frameworks/SwiftUI.framework; sourceTree = SDKROOT; };
		AAC4D4CD2B2B41790098D28D /* ContentView.swift */ = {isa = PBXFileReference; lastKnownFileType = sourcecode.swift; path = ContentView.swift; sourceTree = "<group>"; };
		AAC4D4CF2B2E77F80098D28D /* StubEditorDetails.swift */ = {isa = PBXFileReference; lastKnownFileType = sourcecode.swift; path = StubEditorDetails.swift; sourceTree = "<group>"; };
		AAC4D4D92B2F594F0098D28D /* VerticalLineBoundary.swift */ = {isa = PBXFileReference; lastKnownFileType = sourcecode.swift; path = VerticalLineBoundary.swift; sourceTree = "<group>"; };
		AAC4D4DD2B2FD6420098D28D /* FavoriteIcon.swift */ = {isa = PBXFileReference; lastKnownFileType = sourcecode.swift; path = FavoriteIcon.swift; sourceTree = "<group>"; };
		AAC4D4DF2B2FF4E00098D28D /* StubThumbnail.swift */ = {isa = PBXFileReference; lastKnownFileType = sourcecode.swift; path = StubThumbnail.swift; sourceTree = "<group>"; };
		AAC4D4E12B2FF5A40098D28D /* RelatedStubScrollView.swift */ = {isa = PBXFileReference; lastKnownFileType = sourcecode.swift; path = RelatedStubScrollView.swift; sourceTree = "<group>"; };
		AAC4D4E32B2FFF400098D28D /* ArtistStubsLabel.swift */ = {isa = PBXFileReference; lastKnownFileType = sourcecode.swift; path = ArtistStubsLabel.swift; sourceTree = "<group>"; };
		AAC4D4E52B31B7470098D28D /* StubNotesView.swift */ = {isa = PBXFileReference; lastKnownFileType = sourcecode.swift; path = StubNotesView.swift; sourceTree = "<group>"; };
		AACBD17D2B5B09710093EAB7 /* ProfileView.swift */ = {isa = PBXFileReference; lastKnownFileType = sourcecode.swift; path = ProfileView.swift; sourceTree = "<group>"; };
		AAD8B0B02B66027D00693D14 /* VenuesView.swift */ = {isa = PBXFileReference; lastKnownFileType = sourcecode.swift; path = VenuesView.swift; sourceTree = "<group>"; };
		AAD8B0B22B66039400693D14 /* VenueGridExpandedMapView.swift */ = {isa = PBXFileReference; lastKnownFileType = sourcecode.swift; path = VenueGridExpandedMapView.swift; sourceTree = "<group>"; };
		AADBF81E2B9F7640002F36D6 /* ArtistsViewOptionsTip.swift */ = {isa = PBXFileReference; lastKnownFileType = sourcecode.swift; path = ArtistsViewOptionsTip.swift; sourceTree = "<group>"; };
		AADBF8202B9F767A002F36D6 /* FavoriteConcertTip.swift */ = {isa = PBXFileReference; lastKnownFileType = sourcecode.swift; path = FavoriteConcertTip.swift; sourceTree = "<group>"; };
		AADD102F2BB3269700E2DE4B /* MapKitServiceError.swift */ = {isa = PBXFileReference; lastKnownFileType = sourcecode.swift; path = MapKitServiceError.swift; sourceTree = "<group>"; };
		AADD10702BB6D47D00E2DE4B /* ConcertServiceTests.swift */ = {isa = PBXFileReference; lastKnownFileType = sourcecode.swift; path = ConcertServiceTests.swift; sourceTree = "<group>"; };
		AADE4FBA2B601E31000C7DF3 /* SortOrder.swift */ = {isa = PBXFileReference; lastKnownFileType = sourcecode.swift; path = SortOrder.swift; sourceTree = "<group>"; };
		AAE8AB362A3CD89F0069DAF4 /* ActionButton.swift */ = {isa = PBXFileReference; lastKnownFileType = sourcecode.swift; path = ActionButton.swift; sourceTree = "<group>"; };
		AAEDF07E2B596BC50059F8B6 /* DebugData.swift */ = {isa = PBXFileReference; lastKnownFileType = sourcecode.swift; path = DebugData.swift; sourceTree = "<group>"; };
/* End PBXFileReference section */

/* Begin PBXFrameworksBuildPhase section */
		AA4588322B9A1A470099D6C0 /* Frameworks */ = {
			isa = PBXFrameworksBuildPhase;
			buildActionMask = 2147483647;
			files = (
				AA4588372B9A1A470099D6C0 /* SwiftUI.framework in Frameworks */,
				AA4588362B9A1A470099D6C0 /* WidgetKit.framework in Frameworks */,
			);
			runOnlyForDeploymentPostprocessing = 0;
		};
		AA8A74652A32BDF3003E9B41 /* Frameworks */ = {
			isa = PBXFrameworksBuildPhase;
			buildActionMask = 2147483647;
			files = (
			);
			runOnlyForDeploymentPostprocessing = 0;
		};
		AAB57E532BA34C8400F1ED56 /* Frameworks */ = {
			isa = PBXFrameworksBuildPhase;
			buildActionMask = 2147483647;
			files = (
			);
			runOnlyForDeploymentPostprocessing = 0;
		};
		AAC0A5CB2BC6AA41001CF3F6 /* Frameworks */ = {
			isa = PBXFrameworksBuildPhase;
			buildActionMask = 2147483647;
			files = (
			);
			runOnlyForDeploymentPostprocessing = 0;
		};
/* End PBXFrameworksBuildPhase section */

/* Begin PBXGroup section */
		AA19591A2B753C8400266267 /* Tips */ = {
			isa = PBXGroup;
			children = (
				AA19591B2B753CA600266267 /* AddConcertTip.swift */,
				AADBF8202B9F767A002F36D6 /* FavoriteConcertTip.swift */,
				AADBF81E2B9F7640002F36D6 /* ArtistsViewOptionsTip.swift */,
			);
			path = Tips;
			sourceTree = "<group>";
		};
		AA25B9882BCEF172003B11D3 /* Extensions */ = {
			isa = PBXGroup;
			children = (
				AA25B9892BCEF183003B11D3 /* XCTestCase+DelayedAssert.swift */,
				AA25B98B2BCEF374003B11D3 /* XCUIApplication+ClearTextField.swift */,
			);
			path = Extensions;
			sourceTree = "<group>";
		};
		AA2A038F2B555A69002C1071 /* ArtistsView */ = {
			isa = PBXGroup;
			children = (
				AA5E74F92B3EFF9B005DBD87 /* ArtistsView.swift */,
				AA3C72382B93B75200C24B2B /* ArtistGridItemLabel.swift */,
				AA3C723C2B94043200C24B2B /* ArtistGridView.swift */,
				AA7B22892B7CE0030017B3F0 /* ArtistImageView.swift */,
				AA3C72362B93B56C00C24B2B /* ArtistListRowLabel.swift */,
				AA3C723E2B940F0E00C24B2B /* ArtistMenuLabel.swift */,
				AA3C723A2B94007100C24B2B /* ArtistListView.swift */,
				AA7B228F2B819F380017B3F0 /* ArtistTile.swift */,
				AA2A03922B555ACA002C1071 /* StubCountIndicator.swift */,
			);
			path = ArtistsView;
			sourceTree = "<group>";
		};
		AA4588382B9A1A470099D6C0 /* StubsWidget */ = {
			isa = PBXGroup;
			children = (
				AA4588392B9A1A470099D6C0 /* StubsWidgetBundle.swift */,
				AA45883B2B9A1A470099D6C0 /* StubsWidget.swift */,
				AA45883D2B9A1A4A0099D6C0 /* Assets.xcassets */,
				AA45883F2B9A1A4A0099D6C0 /* Info.plist */,
			);
			path = StubsWidget;
			sourceTree = "<group>";
		};
		AA48FED32A64E51C005BA775 /* StubCollection */ = {
			isa = PBXGroup;
			children = (
				AA62228F2B2B367C004899A9 /* NoStubsView.swift */,
				AA7B22912B837D9C0017B3F0 /* StubTile.swift */,
				AA8A746D2A32BDF3003E9B41 /* StubCollection.swift */,
				AA3C72442B94320800C24B2B /* FavoriteToggleLabel.swift */,
				AA8A74852A32D5B1003E9B41 /* StubCollectionRowLabel.swift */,
			);
			path = StubCollection;
			sourceTree = "<group>";
		};
		AA48FED42A64E63E005BA775 /* Components */ = {
			isa = PBXGroup;
			children = (
				AAE8AB362A3CD89F0069DAF4 /* ActionButton.swift */,
				AAC4D4DD2B2FD6420098D28D /* FavoriteIcon.swift */,
				AA7B22952B86F7A80017B3F0 /* StatViewLabel.swift */,
				AA7B228D2B818E320017B3F0 /* TileBase.swift */,
				AA3C72422B941B2000C24B2B /* ToolbarButtonLabel.swift */,
			);
			path = Components;
			sourceTree = "<group>";
		};
		AA59EFA12B3C6CAB00EC82EB /* StubDetailView */ = {
			isa = PBXGroup;
			children = (
				AA8A748B2A33A43E003E9B41 /* StubDetailView.swift */,
				AAC4D4E52B31B7470098D28D /* StubNotesView.swift */,
				AAC4D4E12B2FF5A40098D28D /* RelatedStubScrollView.swift */,
				AAA3B7532A4A0E01002D2215 /* VenueMapView.swift */,
			);
			path = StubDetailView;
			sourceTree = "<group>";
		};
		AA5E74E42B3DAA43005DBD87 /* ArtistDetailView */ = {
			isa = PBXGroup;
			children = (
				AA5E74E52B3DAA52005DBD87 /* ArtistDetailView.swift */,
				AA3C71F12B916F7100C24B2B /* FullBioToggle.swift */,
				AA87B0DA2B48F6530071DB44 /* ArtistDetailBannerView.swift */,
				AA5E74E72B3DE0BC005DBD87 /* ArtistDetailVenuesMap.swift */,
				AAC4D4E32B2FFF400098D28D /* ArtistStubsLabel.swift */,
			);
			path = ArtistDetailView;
			sourceTree = "<group>";
		};
		AA5E74EF2B3EFD00005DBD87 /* TabBar */ = {
			isa = PBXGroup;
			children = (
				AA5E74F62B3EFDDE005DBD87 /* TabBarItem.swift */,
				AA5E74F22B3EFD81005DBD87 /* MaterialTabBar.swift */,
				AA5E74F02B3EFD81005DBD87 /* TabBarContainer.swift */,
				AA5E74F12B3EFD81005DBD87 /* TabBarItemPreferenceKey.swift */,
			);
			path = TabBar;
			sourceTree = "<group>";
		};
		AA5E74F82B3EFF8A005DBD87 /* Artists */ = {
			isa = PBXGroup;
			children = (
				AA2A038F2B555A69002C1071 /* ArtistsView */,
				AA87B0D52B47AEF60071DB44 /* Album */,
				AA5E74E42B3DAA43005DBD87 /* ArtistDetailView */,
			);
			path = Artists;
			sourceTree = "<group>";
		};
		AA745A9F2BB09CD100618EBE /* Errors */ = {
			isa = PBXGroup;
			children = (
				AA745AA02BB09CEF00618EBE /* AlbumSearchError.swift */,
				AA745AA22BB09D5200618EBE /* ArtistServiceError.swift */,
				AA97CF322BB1CDA8000A2725 /* ConcertServiceError.swift */,
				AADD102F2BB3269700E2DE4B /* MapKitServiceError.swift */,
				AA97CF342BB1FEF7000A2725 /* SaveError.swift */,
			);
			path = Errors;
			sourceTree = "<group>";
		};
		AA87B0D52B47AEF60071DB44 /* Album */ = {
			isa = PBXGroup;
			children = (
				AA62228D2B2A58F5004899A9 /* AlbumScrollView.swift */,
				AA87B0D12B47AB1D0071DB44 /* AlbumScrollViewLabel.swift */,
				AA87B0D32B47ADEC0071DB44 /* AlbumScrollViewPlaceholder.swift */,
			);
			path = Album;
			sourceTree = "<group>";
		};
		AA8A745F2A32BDF3003E9B41 = {
			isa = PBXGroup;
			children = (
				AA8A746A2A32BDF3003E9B41 /* Stubs */,
				AA4588382B9A1A470099D6C0 /* StubsWidget */,
				AAB57E572BA34C8400F1ED56 /* StubsUnitTests */,
				AAC0A5CF2BC6AA41001CF3F6 /* StubsUITests */,
				AAC34E902B979FB400BBA44A /* Frameworks */,
				AA8A74692A32BDF3003E9B41 /* Products */,
			);
			sourceTree = "<group>";
		};
		AA8A74692A32BDF3003E9B41 /* Products */ = {
			isa = PBXGroup;
			children = (
				AA8A74682A32BDF3003E9B41 /* Stubs.app */,
				AA4588352B9A1A470099D6C0 /* StubsWidgetExtension.appex */,
				AAB57E562BA34C8400F1ED56 /* StubsTests.xctest */,
				AAC0A5CE2BC6AA41001CF3F6 /* StubsUITests.xctest */,
			);
			name = Products;
			sourceTree = "<group>";
		};
		AA8A746A2A32BDF3003E9B41 /* Stubs */ = {
			isa = PBXGroup;
			children = (
				AA8A746B2A32BDF3003E9B41 /* StubsApp.swift */,
				AA8A747B2A32BE0A003E9B41 /* Models */,
				AA745A9F2BB09CD100618EBE /* Errors */,
				AA8A74802A32C8FE003E9B41 /* Extensions */,
				AAAE3D6B2BA69CCE00F2BC3E /* Services */,
				AA19591A2B753C8400266267 /* Tips */,
				AA8A747C2A32BE12003E9B41 /* Views */,
				AA8A746F2A32BDF4003E9B41 /* Assets.xcassets */,
				AA8A74712A32BDF4003E9B41 /* Preview Content */,
			);
			path = Stubs;
			sourceTree = "<group>";
		};
		AA8A74712A32BDF4003E9B41 /* Preview Content */ = {
			isa = PBXGroup;
			children = (
				AA8A74722A32BDF4003E9B41 /* Preview Assets.xcassets */,
			);
			path = "Preview Content";
			sourceTree = "<group>";
		};
		AA8A747B2A32BE0A003E9B41 /* Models */ = {
			isa = PBXGroup;
			children = (
				AAAE3D742BA6A52500F2BC3E /* Album.swift */,
				AA87B0DC2B4A24D20071DB44 /* Artist.swift */,
				AA8A74742A32BDF4003E9B41 /* Concert.swift */,
				AAEDF07E2B596BC50059F8B6 /* DebugData.swift */,
				AADE4FBA2B601E31000C7DF3 /* SortOrder.swift */,
				AA675E702BACCBFE000C23C8 /* StubStyle.swift */,
			);
			path = Models;
			sourceTree = "<group>";
		};
		AA8A747C2A32BE12003E9B41 /* Views */ = {
			isa = PBXGroup;
			children = (
				AAC4D4CD2B2B41790098D28D /* ContentView.swift */,
				AA5E74F82B3EFF8A005DBD87 /* Artists */,
				AA48FED42A64E63E005BA775 /* Components */,
				AACBD17C2B5B095E0093EAB7 /* Profile */,
				AAC4D4D62B2F4AC10098D28D /* Stubs */,
				AA5E74EF2B3EFD00005DBD87 /* TabBar */,
				AADE4FBC2B63DCE0000C7DF3 /* Venues */,
			);
			path = Views;
			sourceTree = "<group>";
		};
		AA8A74802A32C8FE003E9B41 /* Extensions */ = {
			isa = PBXGroup;
			children = (
				AA8A74812A32C912003E9B41 /* Extension-Color.swift */,
			);
			path = Extensions;
			sourceTree = "<group>";
		};
		AAAE3D6B2BA69CCE00F2BC3E /* Services */ = {
			isa = PBXGroup;
			children = (
				AA5615F72B27AB5B00A35D4A /* AlbumService.swift */,
				AA5E74E22B3DA67F005DBD87 /* ArtistService.swift */,
				AA745A992BAF73B500618EBE /* ConcertService.swift */,
				AA675E6A2BACBD5D000C23C8 /* MapKitService.swift */,
				AAA418462B29DC2400E59B51 /* RapidAPIKey.swift */,
				AAAE3D722BA6A2B000F2BC3E /* Keys.swift */,
			);
			path = Services;
			sourceTree = "<group>";
		};
		AAB57E572BA34C8400F1ED56 /* StubsUnitTests */ = {
			isa = PBXGroup;
			children = (
				AAB57E632BA3D82B00F1ED56 /* ArtistTests.swift */,
				AAAE3D662BA4BC2400F2BC3E /* ArtistServiceTests.swift */,
				AAAE3D782BA6A71A00F2BC3E /* AlbumServiceTests.swift */,
				AA675E602BAA0BB4000C23C8 /* ColorExtensionTests.swift */,
				AADD10702BB6D47D00E2DE4B /* ConcertServiceTests.swift */,
				AAB57E5F2BA34D0B00F1ED56 /* ConcertTests.swift */,
				AA675E6C2BACC4DA000C23C8 /* MapKitServiceTests.swift */,
				AAB57E612BA3506B00F1ED56 /* TestFunctions.swift */,
			);
			path = StubsUnitTests;
			sourceTree = "<group>";
		};
		AAC0A5CF2BC6AA41001CF3F6 /* StubsUITests */ = {
			isa = PBXGroup;
			children = (
				AA25B9882BCEF172003B11D3 /* Extensions */,
				AAC0A5DD2BC83D42001CF3F6 /* ArtistsViewUITests.swift */,
				AA25B98D2BD0091E003B11D3 /* ArtistsViewScreen.swift */,
				AAC0A5D02BC6AA41001CF3F6 /* StubCollectionUITests.swift */,
				AA25B98F2BD01D02003B11D3 /* StubCollectionScreen.swift */,
				AAC0A5DB2BC70DF5001CF3F6 /* StubEditorUITests.swift */,
				AAC0A6192BCA2C40001CF3F6 /* StubEditorScreen.swift */,
				AAC0A5DF2BC954D2001CF3F6 /* VenuesViewUITests.swift */,
				AA25B9912BD02440003B11D3 /* VenuesViewScreen.swift */,
			);
			path = StubsUITests;
			sourceTree = "<group>";
		};
		AAC34E902B979FB400BBA44A /* Frameworks */ = {
			isa = PBXGroup;
			children = (
				AAC34E912B979FB400BBA44A /* WidgetKit.framework */,
				AAC34E932B979FB400BBA44A /* SwiftUI.framework */,
			);
			name = Frameworks;
			sourceTree = "<group>";
		};
		AAC4D4D12B2E79CB0098D28D /* StubEditor */ = {
			isa = PBXGroup;
			children = (
				AA8A747E2A32BF79003E9B41 /* StubEditor.swift */,
				AA4202EF2A38C8F1002EA5CD /* StubEditorColorSelector.swift */,
				AA4202F12A38E749002EA5CD /* StubEditorIconSelector.swift */,
				AAC4D4CF2B2E77F80098D28D /* StubEditorDetails.swift */,
				AA127E902B474E0E0058CE06 /* StubEditorNotes.swift */,
				AA59EF9D2B3B152900EC82EB /* StubEditorStubPreview.swift */,
			);
			path = StubEditor;
			sourceTree = "<group>";
		};
		AAC4D4D62B2F4AC10098D28D /* Stubs */ = {
			isa = PBXGroup;
			children = (
				AAB050182A59D88600EB88BD /* StubView.swift */,
				AA7C57ED2B249B7B006843C4 /* StubShape.swift */,
				AAC4D4DF2B2FF4E00098D28D /* StubThumbnail.swift */,
				AAC4D4D92B2F594F0098D28D /* VerticalLineBoundary.swift */,
				AA48FED32A64E51C005BA775 /* StubCollection */,
				AA59EFA12B3C6CAB00EC82EB /* StubDetailView */,
				AAC4D4D12B2E79CB0098D28D /* StubEditor */,
			);
			path = Stubs;
			sourceTree = "<group>";
		};
		AACBD17C2B5B095E0093EAB7 /* Profile */ = {
			isa = PBXGroup;
			children = (
				AACBD17D2B5B09710093EAB7 /* ProfileView.swift */,
			);
			path = Profile;
			sourceTree = "<group>";
		};
		AADE4FBC2B63DCE0000C7DF3 /* Venues */ = {
			isa = PBXGroup;
			children = (
				AAD8B0B02B66027D00693D14 /* VenuesView.swift */,
				AAACA44A2B69217B0078DE2F /* VenueTile.swift */,
				AAD8B0B22B66039400693D14 /* VenueGridExpandedMapView.swift */,
			);
			path = Venues;
			sourceTree = "<group>";
		};
/* End PBXGroup section */

/* Begin PBXNativeTarget section */
		AA4588342B9A1A470099D6C0 /* StubsWidgetExtension */ = {
			isa = PBXNativeTarget;
			buildConfigurationList = AA4588432B9A1A4A0099D6C0 /* Build configuration list for PBXNativeTarget "StubsWidgetExtension" */;
			buildPhases = (
				AA4588312B9A1A470099D6C0 /* Sources */,
				AA4588322B9A1A470099D6C0 /* Frameworks */,
				AA4588332B9A1A470099D6C0 /* Resources */,
			);
			buildRules = (
			);
			dependencies = (
			);
			name = StubsWidgetExtension;
			productName = StubsWidgetExtension;
			productReference = AA4588352B9A1A470099D6C0 /* StubsWidgetExtension.appex */;
			productType = "com.apple.product-type.app-extension";
		};
		AA8A74672A32BDF3003E9B41 /* Stubs */ = {
			isa = PBXNativeTarget;
			buildConfigurationList = AA8A74782A32BDF4003E9B41 /* Build configuration list for PBXNativeTarget "Stubs" */;
			buildPhases = (
				AA8A74642A32BDF3003E9B41 /* Sources */,
				AA8A74652A32BDF3003E9B41 /* Frameworks */,
				AA8A74662A32BDF3003E9B41 /* Resources */,
				AA3C72082B92C7EC00C24B2B /* Embed Watch Content */,
				AAC34EA42B979FB500BBA44A /* Embed Foundation Extensions */,
			);
			buildRules = (
			);
			dependencies = (
				AA4588412B9A1A4A0099D6C0 /* PBXTargetDependency */,
			);
			name = Stubs;
			packageProductDependencies = (
			);
			productName = Stubs;
			productReference = AA8A74682A32BDF3003E9B41 /* Stubs.app */;
			productType = "com.apple.product-type.application";
		};
		AAB57E552BA34C8400F1ED56 /* StubsTests */ = {
			isa = PBXNativeTarget;
			buildConfigurationList = AAB57E5E2BA34C8400F1ED56 /* Build configuration list for PBXNativeTarget "StubsTests" */;
			buildPhases = (
				AAB57E522BA34C8400F1ED56 /* Sources */,
				AAB57E532BA34C8400F1ED56 /* Frameworks */,
				AAB57E542BA34C8400F1ED56 /* Resources */,
			);
			buildRules = (
			);
			dependencies = (
				AAB57E5B2BA34C8400F1ED56 /* PBXTargetDependency */,
			);
			name = StubsTests;
			productName = StubsTests;
			productReference = AAB57E562BA34C8400F1ED56 /* StubsTests.xctest */;
			productType = "com.apple.product-type.bundle.unit-test";
		};
		AAC0A5CD2BC6AA41001CF3F6 /* StubsUITests */ = {
			isa = PBXNativeTarget;
			buildConfigurationList = AAC0A5D62BC6AA41001CF3F6 /* Build configuration list for PBXNativeTarget "StubsUITests" */;
			buildPhases = (
				AAC0A5CA2BC6AA41001CF3F6 /* Sources */,
				AAC0A5CB2BC6AA41001CF3F6 /* Frameworks */,
				AAC0A5CC2BC6AA41001CF3F6 /* Resources */,
			);
			buildRules = (
			);
			dependencies = (
				AAC0A5D52BC6AA41001CF3F6 /* PBXTargetDependency */,
			);
			name = StubsUITests;
			productName = StubsUITests;
			productReference = AAC0A5CE2BC6AA41001CF3F6 /* StubsUITests.xctest */;
			productType = "com.apple.product-type.bundle.ui-testing";
		};
/* End PBXNativeTarget section */

/* Begin PBXProject section */
		AA8A74602A32BDF3003E9B41 /* Project object */ = {
			isa = PBXProject;
			attributes = {
				BuildIndependentTargetsInParallel = 1;
				LastSwiftUpdateCheck = 1530;
				LastUpgradeCheck = 1500;
				TargetAttributes = {
					AA4588342B9A1A470099D6C0 = {
						CreatedOnToolsVersion = 15.3;
					};
					AA8A74672A32BDF3003E9B41 = {
						CreatedOnToolsVersion = 15.0;
					};
					AAB57E552BA34C8400F1ED56 = {
						CreatedOnToolsVersion = 15.3;
						TestTargetID = AA8A74672A32BDF3003E9B41;
					};
					AAC0A5CD2BC6AA41001CF3F6 = {
						CreatedOnToolsVersion = 15.3;
						TestTargetID = AA8A74672A32BDF3003E9B41;
					};
				};
			};
			buildConfigurationList = AA8A74632A32BDF3003E9B41 /* Build configuration list for PBXProject "Stubs" */;
			compatibilityVersion = "Xcode 14.0";
			developmentRegion = en;
			hasScannedForEncodings = 0;
			knownRegions = (
				en,
				Base,
			);
			mainGroup = AA8A745F2A32BDF3003E9B41;
			packageReferences = (
			);
			productRefGroup = AA8A74692A32BDF3003E9B41 /* Products */;
			projectDirPath = "";
			projectRoot = "";
			targets = (
				AA8A74672A32BDF3003E9B41 /* Stubs */,
				AA4588342B9A1A470099D6C0 /* StubsWidgetExtension */,
				AAB57E552BA34C8400F1ED56 /* StubsTests */,
				AAC0A5CD2BC6AA41001CF3F6 /* StubsUITests */,
			);
		};
/* End PBXProject section */

/* Begin PBXResourcesBuildPhase section */
		AA4588332B9A1A470099D6C0 /* Resources */ = {
			isa = PBXResourcesBuildPhase;
			buildActionMask = 2147483647;
			files = (
				AA45883E2B9A1A4A0099D6C0 /* Assets.xcassets in Resources */,
			);
			runOnlyForDeploymentPostprocessing = 0;
		};
		AA8A74662A32BDF3003E9B41 /* Resources */ = {
			isa = PBXResourcesBuildPhase;
			buildActionMask = 2147483647;
			files = (
				AA8A74732A32BDF4003E9B41 /* Preview Assets.xcassets in Resources */,
				AA8A74702A32BDF4003E9B41 /* Assets.xcassets in Resources */,
			);
			runOnlyForDeploymentPostprocessing = 0;
		};
		AAB57E542BA34C8400F1ED56 /* Resources */ = {
			isa = PBXResourcesBuildPhase;
			buildActionMask = 2147483647;
			files = (
			);
			runOnlyForDeploymentPostprocessing = 0;
		};
		AAC0A5CC2BC6AA41001CF3F6 /* Resources */ = {
			isa = PBXResourcesBuildPhase;
			buildActionMask = 2147483647;
			files = (
			);
			runOnlyForDeploymentPostprocessing = 0;
		};
/* End PBXResourcesBuildPhase section */

/* Begin PBXSourcesBuildPhase section */
		AA4588312B9A1A470099D6C0 /* Sources */ = {
			isa = PBXSourcesBuildPhase;
			buildActionMask = 2147483647;
			files = (
				AA45883A2B9A1A470099D6C0 /* StubsWidgetBundle.swift in Sources */,
				AA45883C2B9A1A470099D6C0 /* StubsWidget.swift in Sources */,
				AAF75E6A2B9A1BB500DFEA89 /* Artist.swift in Sources */,
				AAF75E6B2B9A1BB500DFEA89 /* Concert.swift in Sources */,
				AAF75E682B9A1AD100DFEA89 /* StubShape.swift in Sources */,
				AAF75E692B9A1AD100DFEA89 /* VerticalLineBoundary.swift in Sources */,
			);
			runOnlyForDeploymentPostprocessing = 0;
		};
		AA8A74642A32BDF3003E9B41 /* Sources */ = {
			isa = PBXSourcesBuildPhase;
			buildActionMask = 2147483647;
			files = (
				AAC4D4E22B2FF5A40098D28D /* RelatedStubScrollView.swift in Sources */,
				AAAE3D732BA6A2B000F2BC3E /* Keys.swift in Sources */,
				AA8A746E2A32BDF3003E9B41 /* StubCollection.swift in Sources */,
				AA8A74822A32C912003E9B41 /* Extension-Color.swift in Sources */,
				AA5E74F42B3EFD81005DBD87 /* TabBarItemPreferenceKey.swift in Sources */,
				AA5E74E32B3DA67F005DBD87 /* ArtistService.swift in Sources */,
				AA3C71F22B916F7100C24B2B /* FullBioToggle.swift in Sources */,
				AA3C72432B941B2000C24B2B /* ToolbarButtonLabel.swift in Sources */,
				AA5E74E82B3DE0BC005DBD87 /* ArtistDetailVenuesMap.swift in Sources */,
				AAB050192A59D88600EB88BD /* StubView.swift in Sources */,
				AA5E74F32B3EFD81005DBD87 /* TabBarContainer.swift in Sources */,
				AA87B0DD2B4A24D20071DB44 /* Artist.swift in Sources */,
				AAC4D4E42B2FFF400098D28D /* ArtistStubsLabel.swift in Sources */,
				AAA3B7542A4A0E01002D2215 /* VenueMapView.swift in Sources */,
				AA5E74F52B3EFD81005DBD87 /* MaterialTabBar.swift in Sources */,
				AAEDF07F2B596BC50059F8B6 /* DebugData.swift in Sources */,
				AAC4D4DE2B2FD6420098D28D /* FavoriteIcon.swift in Sources */,
				AA5E74FA2B3EFF9B005DBD87 /* ArtistsView.swift in Sources */,
				AAE8AB372A3CD89F0069DAF4 /* ActionButton.swift in Sources */,
				AA3C723D2B94043200C24B2B /* ArtistGridView.swift in Sources */,
				AA87B0D42B47ADEC0071DB44 /* AlbumScrollViewPlaceholder.swift in Sources */,
				AA62228E2B2A58F5004899A9 /* AlbumScrollView.swift in Sources */,
				AA8A74862A32D5B1003E9B41 /* StubCollectionRowLabel.swift in Sources */,
				AA97CF352BB1FEF7000A2725 /* SaveError.swift in Sources */,
				AA97CF332BB1CDA8000A2725 /* ConcertServiceError.swift in Sources */,
				AAC4D4DA2B2F594F0098D28D /* VerticalLineBoundary.swift in Sources */,
				AAACA44B2B69217B0078DE2F /* VenueTile.swift in Sources */,
				AAD8B0B32B66039400693D14 /* VenueGridExpandedMapView.swift in Sources */,
				AA127E912B474E0E0058CE06 /* StubEditorNotes.swift in Sources */,
				AA87B0D22B47AB1D0071DB44 /* AlbumScrollViewLabel.swift in Sources */,
				AA675E6B2BACBD5D000C23C8 /* MapKitService.swift in Sources */,
				AA87B0DB2B48F6530071DB44 /* ArtistDetailBannerView.swift in Sources */,
				AA59EF9E2B3B152900EC82EB /* StubEditorStubPreview.swift in Sources */,
				AA8A747F2A32BF79003E9B41 /* StubEditor.swift in Sources */,
				AA8A748C2A33A43E003E9B41 /* StubDetailView.swift in Sources */,
				AAD8B0B12B66027D00693D14 /* VenuesView.swift in Sources */,
				AA745AA32BB09D5200618EBE /* ArtistServiceError.swift in Sources */,
				AA6222902B2B367C004899A9 /* NoStubsView.swift in Sources */,
				AA2A03932B555ACA002C1071 /* StubCountIndicator.swift in Sources */,
				AAC4D4CE2B2B41790098D28D /* ContentView.swift in Sources */,
				AAC4D4E02B2FF4E00098D28D /* StubThumbnail.swift in Sources */,
				AA5E74E62B3DAA52005DBD87 /* ArtistDetailView.swift in Sources */,
				AAAE3D752BA6A52500F2BC3E /* Album.swift in Sources */,
				AA5615F82B27AB5B00A35D4A /* AlbumService.swift in Sources */,
				AA7B228E2B818E320017B3F0 /* TileBase.swift in Sources */,
				AA3C723F2B940F0E00C24B2B /* ArtistMenuLabel.swift in Sources */,
				AAC4D4E62B31B7470098D28D /* StubNotesView.swift in Sources */,
				AA7C57EE2B249B7B006843C4 /* StubShape.swift in Sources */,
				AA7B228A2B7CE0030017B3F0 /* ArtistImageView.swift in Sources */,
				AACBD17E2B5B09710093EAB7 /* ProfileView.swift in Sources */,
				AA19591C2B753CA600266267 /* AddConcertTip.swift in Sources */,
				AAA418472B29DC2400E59B51 /* RapidAPIKey.swift in Sources */,
				AA745A9A2BAF73B500618EBE /* ConcertService.swift in Sources */,
				AA5E74F72B3EFDDE005DBD87 /* TabBarItem.swift in Sources */,
				AADBF81F2B9F7640002F36D6 /* ArtistsViewOptionsTip.swift in Sources */,
				AA7B22962B86F7A80017B3F0 /* StatViewLabel.swift in Sources */,
				AA3C72372B93B56C00C24B2B /* ArtistListRowLabel.swift in Sources */,
				AA8A74752A32BDF4003E9B41 /* Concert.swift in Sources */,
				AA7B22922B837D9C0017B3F0 /* StubTile.swift in Sources */,
				AADE4FBB2B601E31000C7DF3 /* SortOrder.swift in Sources */,
				AADD10302BB3269700E2DE4B /* MapKitServiceError.swift in Sources */,
				AADBF8212B9F767A002F36D6 /* FavoriteConcertTip.swift in Sources */,
				AA4202F22A38E749002EA5CD /* StubEditorIconSelector.swift in Sources */,
				AA3C72452B94320800C24B2B /* FavoriteToggleLabel.swift in Sources */,
				AA675E712BACCBFE000C23C8 /* StubStyle.swift in Sources */,
				AA3C723B2B94007100C24B2B /* ArtistListView.swift in Sources */,
				AA3C72392B93B75200C24B2B /* ArtistGridItemLabel.swift in Sources */,
				AA8A746C2A32BDF3003E9B41 /* StubsApp.swift in Sources */,
				AA7B22902B819F380017B3F0 /* ArtistTile.swift in Sources */,
				AA4202F02A38C8F1002EA5CD /* StubEditorColorSelector.swift in Sources */,
				AA745AA12BB09CEF00618EBE /* AlbumSearchError.swift in Sources */,
				AAC4D4D02B2E77F80098D28D /* StubEditorDetails.swift in Sources */,
			);
			runOnlyForDeploymentPostprocessing = 0;
		};
		AAB57E522BA34C8400F1ED56 /* Sources */ = {
			isa = PBXSourcesBuildPhase;
			buildActionMask = 2147483647;
			files = (
				AA675E6D2BACC4DA000C23C8 /* MapKitServiceTests.swift in Sources */,
				AAB57E602BA34D0B00F1ED56 /* ConcertTests.swift in Sources */,
				AAB57E622BA3506B00F1ED56 /* TestFunctions.swift in Sources */,
				AAAE3D792BA6A71A00F2BC3E /* AlbumServiceTests.swift in Sources */,
				AA675E612BAA0BB4000C23C8 /* ColorExtensionTests.swift in Sources */,
				AAAE3D672BA4BC2400F2BC3E /* ArtistServiceTests.swift in Sources */,
				AADD10712BB6D47D00E2DE4B /* ConcertServiceTests.swift in Sources */,
				AAB57E642BA3D82B00F1ED56 /* ArtistTests.swift in Sources */,
			);
			runOnlyForDeploymentPostprocessing = 0;
		};
		AAC0A5CA2BC6AA41001CF3F6 /* Sources */ = {
			isa = PBXSourcesBuildPhase;
			buildActionMask = 2147483647;
			files = (
				AAC0A5DE2BC83D42001CF3F6 /* ArtistsViewUITests.swift in Sources */,
				AAC0A5D12BC6AA41001CF3F6 /* StubCollectionUITests.swift in Sources */,
				AA25B98A2BCEF183003B11D3 /* XCTestCase+DelayedAssert.swift in Sources */,
				AAC0A5E02BC954D2001CF3F6 /* VenuesViewUITests.swift in Sources */,
				AAC0A61A2BCA2C40001CF3F6 /* StubEditorScreen.swift in Sources */,
				AA25B98C2BCEF374003B11D3 /* XCUIApplication+ClearTextField.swift in Sources */,
				AA25B9922BD02440003B11D3 /* VenuesViewScreen.swift in Sources */,
				AAC0A5DC2BC70DF5001CF3F6 /* StubEditorUITests.swift in Sources */,
				AA25B9902BD01D02003B11D3 /* StubCollectionScreen.swift in Sources */,
				AA25B98E2BD0091E003B11D3 /* ArtistsViewScreen.swift in Sources */,
			);
			runOnlyForDeploymentPostprocessing = 0;
		};
/* End PBXSourcesBuildPhase section */

/* Begin PBXTargetDependency section */
		AA4588412B9A1A4A0099D6C0 /* PBXTargetDependency */ = {
			isa = PBXTargetDependency;
			target = AA4588342B9A1A470099D6C0 /* StubsWidgetExtension */;
			targetProxy = AA4588402B9A1A4A0099D6C0 /* PBXContainerItemProxy */;
		};
		AAB57E5B2BA34C8400F1ED56 /* PBXTargetDependency */ = {
			isa = PBXTargetDependency;
			target = AA8A74672A32BDF3003E9B41 /* Stubs */;
			targetProxy = AAB57E5A2BA34C8400F1ED56 /* PBXContainerItemProxy */;
		};
		AAC0A5D52BC6AA41001CF3F6 /* PBXTargetDependency */ = {
			isa = PBXTargetDependency;
			target = AA8A74672A32BDF3003E9B41 /* Stubs */;
			targetProxy = AAC0A5D42BC6AA41001CF3F6 /* PBXContainerItemProxy */;
		};
/* End PBXTargetDependency section */

/* Begin XCBuildConfiguration section */
		AA4588442B9A1A4A0099D6C0 /* Debug */ = {
			isa = XCBuildConfiguration;
			buildSettings = {
				ASSETCATALOG_COMPILER_GLOBAL_ACCENT_COLOR_NAME = AccentColor;
				ASSETCATALOG_COMPILER_WIDGET_BACKGROUND_COLOR_NAME = WidgetBackground;
				CODE_SIGN_STYLE = Automatic;
				CURRENT_PROJECT_VERSION = 1;
				DEVELOPMENT_TEAM = N6RF4M6NH8;
				GENERATE_INFOPLIST_FILE = YES;
				INFOPLIST_FILE = StubsWidget/Info.plist;
				INFOPLIST_KEY_CFBundleDisplayName = StubsWidget;
				INFOPLIST_KEY_NSHumanReadableCopyright = "";
				IPHONEOS_DEPLOYMENT_TARGET = 17.4;
				LD_RUNPATH_SEARCH_PATHS = (
					"$(inherited)",
					"@executable_path/Frameworks",
					"@executable_path/../../Frameworks",
				);
				MARKETING_VERSION = 1.0;
				PRODUCT_BUNDLE_IDENTIFIER = com.christianlavelle.Stubs.StubsWidget;
				PRODUCT_NAME = "$(TARGET_NAME)";
				SKIP_INSTALL = YES;
				SWIFT_EMIT_LOC_STRINGS = YES;
				SWIFT_VERSION = 5.0;
				TARGETED_DEVICE_FAMILY = "1,2";
			};
			name = Debug;
		};
		AA4588452B9A1A4A0099D6C0 /* Release */ = {
			isa = XCBuildConfiguration;
			buildSettings = {
				ASSETCATALOG_COMPILER_GLOBAL_ACCENT_COLOR_NAME = AccentColor;
				ASSETCATALOG_COMPILER_WIDGET_BACKGROUND_COLOR_NAME = WidgetBackground;
				CODE_SIGN_STYLE = Automatic;
				CURRENT_PROJECT_VERSION = 1;
				DEVELOPMENT_TEAM = N6RF4M6NH8;
				GENERATE_INFOPLIST_FILE = YES;
				INFOPLIST_FILE = StubsWidget/Info.plist;
				INFOPLIST_KEY_CFBundleDisplayName = StubsWidget;
				INFOPLIST_KEY_NSHumanReadableCopyright = "";
				IPHONEOS_DEPLOYMENT_TARGET = 17.4;
				LD_RUNPATH_SEARCH_PATHS = (
					"$(inherited)",
					"@executable_path/Frameworks",
					"@executable_path/../../Frameworks",
				);
				MARKETING_VERSION = 1.0;
				PRODUCT_BUNDLE_IDENTIFIER = com.christianlavelle.Stubs.StubsWidget;
				PRODUCT_NAME = "$(TARGET_NAME)";
				SKIP_INSTALL = YES;
				SWIFT_EMIT_LOC_STRINGS = YES;
				SWIFT_VERSION = 5.0;
				TARGETED_DEVICE_FAMILY = "1,2";
			};
			name = Release;
		};
		AA8A74762A32BDF4003E9B41 /* Debug */ = {
			isa = XCBuildConfiguration;
			buildSettings = {
				ALWAYS_SEARCH_USER_PATHS = NO;
				ASSETCATALOG_COMPILER_GENERATE_SWIFT_ASSET_SYMBOL_EXTENSIONS = YES;
				CLANG_ANALYZER_NONNULL = YES;
				CLANG_ANALYZER_NUMBER_OBJECT_CONVERSION = YES_AGGRESSIVE;
				CLANG_CXX_LANGUAGE_STANDARD = "gnu++20";
				CLANG_ENABLE_MODULES = YES;
				CLANG_ENABLE_OBJC_ARC = YES;
				CLANG_ENABLE_OBJC_WEAK = YES;
				CLANG_WARN_BLOCK_CAPTURE_AUTORELEASING = YES;
				CLANG_WARN_BOOL_CONVERSION = YES;
				CLANG_WARN_COMMA = YES;
				CLANG_WARN_CONSTANT_CONVERSION = YES;
				CLANG_WARN_DEPRECATED_OBJC_IMPLEMENTATIONS = YES;
				CLANG_WARN_DIRECT_OBJC_ISA_USAGE = YES_ERROR;
				CLANG_WARN_DOCUMENTATION_COMMENTS = YES;
				CLANG_WARN_EMPTY_BODY = YES;
				CLANG_WARN_ENUM_CONVERSION = YES;
				CLANG_WARN_INFINITE_RECURSION = YES;
				CLANG_WARN_INT_CONVERSION = YES;
				CLANG_WARN_NON_LITERAL_NULL_CONVERSION = YES;
				CLANG_WARN_OBJC_IMPLICIT_RETAIN_SELF = YES;
				CLANG_WARN_OBJC_LITERAL_CONVERSION = YES;
				CLANG_WARN_OBJC_ROOT_CLASS = YES_ERROR;
				CLANG_WARN_QUOTED_INCLUDE_IN_FRAMEWORK_HEADER = YES;
				CLANG_WARN_RANGE_LOOP_ANALYSIS = YES;
				CLANG_WARN_STRICT_PROTOTYPES = YES;
				CLANG_WARN_SUSPICIOUS_MOVE = YES;
				CLANG_WARN_UNGUARDED_AVAILABILITY = YES_AGGRESSIVE;
				CLANG_WARN_UNREACHABLE_CODE = YES;
				CLANG_WARN__DUPLICATE_METHOD_MATCH = YES;
				COPY_PHASE_STRIP = NO;
				DEBUG_INFORMATION_FORMAT = dwarf;
				ENABLE_STRICT_OBJC_MSGSEND = YES;
				ENABLE_TESTABILITY = YES;
				ENABLE_USER_SCRIPT_SANDBOXING = YES;
				GCC_C_LANGUAGE_STANDARD = gnu17;
				GCC_DYNAMIC_NO_PIC = NO;
				GCC_NO_COMMON_BLOCKS = YES;
				GCC_OPTIMIZATION_LEVEL = 0;
				GCC_PREPROCESSOR_DEFINITIONS = (
					"DEBUG=1",
					"$(inherited)",
				);
				GCC_WARN_64_TO_32_BIT_CONVERSION = YES;
				GCC_WARN_ABOUT_RETURN_TYPE = YES_ERROR;
				GCC_WARN_UNDECLARED_SELECTOR = YES;
				GCC_WARN_UNINITIALIZED_AUTOS = YES_AGGRESSIVE;
				GCC_WARN_UNUSED_FUNCTION = YES;
				GCC_WARN_UNUSED_VARIABLE = YES;
				IPHONEOS_DEPLOYMENT_TARGET = 17.0;
				LOCALIZATION_PREFERS_STRING_CATALOGS = YES;
				MTL_ENABLE_DEBUG_INFO = INCLUDE_SOURCE;
				MTL_FAST_MATH = YES;
				ONLY_ACTIVE_ARCH = YES;
				SDKROOT = iphoneos;
				SWIFT_ACTIVE_COMPILATION_CONDITIONS = "DEBUG $(inherited)";
				SWIFT_OPTIMIZATION_LEVEL = "-Onone";
			};
			name = Debug;
		};
		AA8A74772A32BDF4003E9B41 /* Release */ = {
			isa = XCBuildConfiguration;
			buildSettings = {
				ALWAYS_SEARCH_USER_PATHS = NO;
				ASSETCATALOG_COMPILER_GENERATE_SWIFT_ASSET_SYMBOL_EXTENSIONS = YES;
				CLANG_ANALYZER_NONNULL = YES;
				CLANG_ANALYZER_NUMBER_OBJECT_CONVERSION = YES_AGGRESSIVE;
				CLANG_CXX_LANGUAGE_STANDARD = "gnu++20";
				CLANG_ENABLE_MODULES = YES;
				CLANG_ENABLE_OBJC_ARC = YES;
				CLANG_ENABLE_OBJC_WEAK = YES;
				CLANG_WARN_BLOCK_CAPTURE_AUTORELEASING = YES;
				CLANG_WARN_BOOL_CONVERSION = YES;
				CLANG_WARN_COMMA = YES;
				CLANG_WARN_CONSTANT_CONVERSION = YES;
				CLANG_WARN_DEPRECATED_OBJC_IMPLEMENTATIONS = YES;
				CLANG_WARN_DIRECT_OBJC_ISA_USAGE = YES_ERROR;
				CLANG_WARN_DOCUMENTATION_COMMENTS = YES;
				CLANG_WARN_EMPTY_BODY = YES;
				CLANG_WARN_ENUM_CONVERSION = YES;
				CLANG_WARN_INFINITE_RECURSION = YES;
				CLANG_WARN_INT_CONVERSION = YES;
				CLANG_WARN_NON_LITERAL_NULL_CONVERSION = YES;
				CLANG_WARN_OBJC_IMPLICIT_RETAIN_SELF = YES;
				CLANG_WARN_OBJC_LITERAL_CONVERSION = YES;
				CLANG_WARN_OBJC_ROOT_CLASS = YES_ERROR;
				CLANG_WARN_QUOTED_INCLUDE_IN_FRAMEWORK_HEADER = YES;
				CLANG_WARN_RANGE_LOOP_ANALYSIS = YES;
				CLANG_WARN_STRICT_PROTOTYPES = YES;
				CLANG_WARN_SUSPICIOUS_MOVE = YES;
				CLANG_WARN_UNGUARDED_AVAILABILITY = YES_AGGRESSIVE;
				CLANG_WARN_UNREACHABLE_CODE = YES;
				CLANG_WARN__DUPLICATE_METHOD_MATCH = YES;
				COPY_PHASE_STRIP = NO;
				DEBUG_INFORMATION_FORMAT = "dwarf-with-dsym";
				ENABLE_NS_ASSERTIONS = NO;
				ENABLE_STRICT_OBJC_MSGSEND = YES;
				ENABLE_USER_SCRIPT_SANDBOXING = YES;
				GCC_C_LANGUAGE_STANDARD = gnu17;
				GCC_NO_COMMON_BLOCKS = YES;
				GCC_WARN_64_TO_32_BIT_CONVERSION = YES;
				GCC_WARN_ABOUT_RETURN_TYPE = YES_ERROR;
				GCC_WARN_UNDECLARED_SELECTOR = YES;
				GCC_WARN_UNINITIALIZED_AUTOS = YES_AGGRESSIVE;
				GCC_WARN_UNUSED_FUNCTION = YES;
				GCC_WARN_UNUSED_VARIABLE = YES;
				IPHONEOS_DEPLOYMENT_TARGET = 17.0;
				LOCALIZATION_PREFERS_STRING_CATALOGS = YES;
				MTL_ENABLE_DEBUG_INFO = NO;
				MTL_FAST_MATH = YES;
				SDKROOT = iphoneos;
				SWIFT_COMPILATION_MODE = wholemodule;
				VALIDATE_PRODUCT = YES;
			};
			name = Release;
		};
		AA8A74792A32BDF4003E9B41 /* Debug */ = {
			isa = XCBuildConfiguration;
			buildSettings = {
				ALWAYS_EMBED_SWIFT_STANDARD_LIBRARIES = YES;
				ASSETCATALOG_COMPILER_APPICON_NAME = AppIcon;
				ASSETCATALOG_COMPILER_GLOBAL_ACCENT_COLOR_NAME = AccentColor;
				CODE_SIGN_STYLE = Automatic;
				CURRENT_PROJECT_VERSION = 1;
				DEVELOPMENT_ASSET_PATHS = "\"Stubs/Preview Content\"";
				DEVELOPMENT_TEAM = N6RF4M6NH8;
				ENABLE_PREVIEWS = YES;
				GENERATE_INFOPLIST_FILE = YES;
				INFOPLIST_KEY_UIApplicationSceneManifest_Generation = YES;
				INFOPLIST_KEY_UIApplicationSupportsIndirectInputEvents = YES;
				INFOPLIST_KEY_UILaunchScreen_Generation = YES;
				INFOPLIST_KEY_UISupportedInterfaceOrientations_iPad = "UIInterfaceOrientationPortrait UIInterfaceOrientationPortraitUpsideDown UIInterfaceOrientationLandscapeLeft UIInterfaceOrientationLandscapeRight";
				INFOPLIST_KEY_UISupportedInterfaceOrientations_iPhone = UIInterfaceOrientationPortrait;
				LD_RUNPATH_SEARCH_PATHS = (
					"$(inherited)",
					"@executable_path/Frameworks",
				);
				MARKETING_VERSION = 1.0;
				PRODUCT_BUNDLE_IDENTIFIER = com.christianlavelle.Stubs;
				PRODUCT_NAME = "$(TARGET_NAME)";
				SWIFT_EMIT_LOC_STRINGS = YES;
				SWIFT_VERSION = 5.0;
				TARGETED_DEVICE_FAMILY = "1,2";
			};
			name = Debug;
		};
		AA8A747A2A32BDF4003E9B41 /* Release */ = {
			isa = XCBuildConfiguration;
			buildSettings = {
				ALWAYS_EMBED_SWIFT_STANDARD_LIBRARIES = YES;
				ASSETCATALOG_COMPILER_APPICON_NAME = AppIcon;
				ASSETCATALOG_COMPILER_GLOBAL_ACCENT_COLOR_NAME = AccentColor;
				CODE_SIGN_STYLE = Automatic;
				CURRENT_PROJECT_VERSION = 1;
				DEVELOPMENT_ASSET_PATHS = "\"Stubs/Preview Content\"";
				DEVELOPMENT_TEAM = N6RF4M6NH8;
				ENABLE_PREVIEWS = YES;
				GENERATE_INFOPLIST_FILE = YES;
				INFOPLIST_KEY_UIApplicationSceneManifest_Generation = YES;
				INFOPLIST_KEY_UIApplicationSupportsIndirectInputEvents = YES;
				INFOPLIST_KEY_UILaunchScreen_Generation = YES;
				INFOPLIST_KEY_UISupportedInterfaceOrientations_iPad = "UIInterfaceOrientationPortrait UIInterfaceOrientationPortraitUpsideDown UIInterfaceOrientationLandscapeLeft UIInterfaceOrientationLandscapeRight";
				INFOPLIST_KEY_UISupportedInterfaceOrientations_iPhone = UIInterfaceOrientationPortrait;
				LD_RUNPATH_SEARCH_PATHS = (
					"$(inherited)",
					"@executable_path/Frameworks",
				);
				MARKETING_VERSION = 1.0;
				PRODUCT_BUNDLE_IDENTIFIER = com.christianlavelle.Stubs;
				PRODUCT_NAME = "$(TARGET_NAME)";
				SWIFT_EMIT_LOC_STRINGS = YES;
				SWIFT_VERSION = 5.0;
				TARGETED_DEVICE_FAMILY = "1,2";
			};
			name = Release;
		};
		AAB57E5C2BA34C8400F1ED56 /* Debug */ = {
			isa = XCBuildConfiguration;
			buildSettings = {
				BUNDLE_LOADER = "$(TEST_HOST)";
				CODE_SIGN_STYLE = Automatic;
				CURRENT_PROJECT_VERSION = 1;
				DEVELOPMENT_TEAM = N6RF4M6NH8;
				GENERATE_INFOPLIST_FILE = YES;
				IPHONEOS_DEPLOYMENT_TARGET = 17.4;
				MARKETING_VERSION = 1.0;
				PRODUCT_BUNDLE_IDENTIFIER = com.christianlavelle.StubsTests;
				PRODUCT_NAME = "$(TARGET_NAME)";
				SWIFT_EMIT_LOC_STRINGS = NO;
				SWIFT_VERSION = 5.0;
				TARGETED_DEVICE_FAMILY = "1,2";
				TEST_HOST = "$(BUILT_PRODUCTS_DIR)/Stubs.app/$(BUNDLE_EXECUTABLE_FOLDER_PATH)/Stubs";
			};
			name = Debug;
		};
		AAB57E5D2BA34C8400F1ED56 /* Release */ = {
			isa = XCBuildConfiguration;
			buildSettings = {
				BUNDLE_LOADER = "$(TEST_HOST)";
				CODE_SIGN_STYLE = Automatic;
				CURRENT_PROJECT_VERSION = 1;
				DEVELOPMENT_TEAM = N6RF4M6NH8;
				GENERATE_INFOPLIST_FILE = YES;
				IPHONEOS_DEPLOYMENT_TARGET = 17.4;
				MARKETING_VERSION = 1.0;
				PRODUCT_BUNDLE_IDENTIFIER = com.christianlavelle.StubsTests;
				PRODUCT_NAME = "$(TARGET_NAME)";
				SWIFT_EMIT_LOC_STRINGS = NO;
				SWIFT_VERSION = 5.0;
				TARGETED_DEVICE_FAMILY = "1,2";
				TEST_HOST = "$(BUILT_PRODUCTS_DIR)/Stubs.app/$(BUNDLE_EXECUTABLE_FOLDER_PATH)/Stubs";
			};
			name = Release;
		};
		AAC0A5D72BC6AA41001CF3F6 /* Debug */ = {
			isa = XCBuildConfiguration;
			buildSettings = {
				CODE_SIGN_STYLE = Automatic;
				CURRENT_PROJECT_VERSION = 1;
				DEVELOPMENT_TEAM = N6RF4M6NH8;
				GENERATE_INFOPLIST_FILE = YES;
				IPHONEOS_DEPLOYMENT_TARGET = 17.4;
				MARKETING_VERSION = 1.0;
				PRODUCT_BUNDLE_IDENTIFIER = com.christianlavelle.StubsUITests;
				PRODUCT_NAME = "$(TARGET_NAME)";
				SWIFT_EMIT_LOC_STRINGS = NO;
				SWIFT_VERSION = 5.0;
				TARGETED_DEVICE_FAMILY = "1,2";
				TEST_TARGET_NAME = Stubs;
			};
			name = Debug;
		};
		AAC0A5D82BC6AA41001CF3F6 /* Release */ = {
			isa = XCBuildConfiguration;
			buildSettings = {
				CODE_SIGN_STYLE = Automatic;
				CURRENT_PROJECT_VERSION = 1;
				DEVELOPMENT_TEAM = N6RF4M6NH8;
				GENERATE_INFOPLIST_FILE = YES;
				IPHONEOS_DEPLOYMENT_TARGET = 17.4;
				MARKETING_VERSION = 1.0;
				PRODUCT_BUNDLE_IDENTIFIER = com.christianlavelle.StubsUITests;
				PRODUCT_NAME = "$(TARGET_NAME)";
				SWIFT_EMIT_LOC_STRINGS = NO;
				SWIFT_VERSION = 5.0;
				TARGETED_DEVICE_FAMILY = "1,2";
				TEST_TARGET_NAME = Stubs;
			};
			name = Release;
		};
/* End XCBuildConfiguration section */

/* Begin XCConfigurationList section */
		AA4588432B9A1A4A0099D6C0 /* Build configuration list for PBXNativeTarget "StubsWidgetExtension" */ = {
			isa = XCConfigurationList;
			buildConfigurations = (
				AA4588442B9A1A4A0099D6C0 /* Debug */,
				AA4588452B9A1A4A0099D6C0 /* Release */,
			);
			defaultConfigurationIsVisible = 0;
			defaultConfigurationName = Release;
		};
		AA8A74632A32BDF3003E9B41 /* Build configuration list for PBXProject "Stubs" */ = {
			isa = XCConfigurationList;
			buildConfigurations = (
				AA8A74762A32BDF4003E9B41 /* Debug */,
				AA8A74772A32BDF4003E9B41 /* Release */,
			);
			defaultConfigurationIsVisible = 0;
			defaultConfigurationName = Release;
		};
		AA8A74782A32BDF4003E9B41 /* Build configuration list for PBXNativeTarget "Stubs" */ = {
			isa = XCConfigurationList;
			buildConfigurations = (
				AA8A74792A32BDF4003E9B41 /* Debug */,
				AA8A747A2A32BDF4003E9B41 /* Release */,
			);
			defaultConfigurationIsVisible = 0;
			defaultConfigurationName = Release;
		};
		AAB57E5E2BA34C8400F1ED56 /* Build configuration list for PBXNativeTarget "StubsTests" */ = {
			isa = XCConfigurationList;
			buildConfigurations = (
				AAB57E5C2BA34C8400F1ED56 /* Debug */,
				AAB57E5D2BA34C8400F1ED56 /* Release */,
			);
			defaultConfigurationIsVisible = 0;
			defaultConfigurationName = Release;
		};
		AAC0A5D62BC6AA41001CF3F6 /* Build configuration list for PBXNativeTarget "StubsUITests" */ = {
			isa = XCConfigurationList;
			buildConfigurations = (
				AAC0A5D72BC6AA41001CF3F6 /* Debug */,
				AAC0A5D82BC6AA41001CF3F6 /* Release */,
			);
			defaultConfigurationIsVisible = 0;
			defaultConfigurationName = Release;
		};
/* End XCConfigurationList section */
	};
	rootObject = AA8A74602A32BDF3003E9B41 /* Project object */;
}
