// !$*UTF8*$!
{
	archiveVersion = 1;
	classes = {
	};
	objectVersion = 56;
	objects = {

/* Begin PBXBuildFile section */
		AA127E912B474E0E0058CE06 /* StubEditorNotes.swift in Sources */ = {isa = PBXBuildFile; fileRef = AA127E902B474E0E0058CE06 /* StubEditorNotes.swift */; };
		AA19591C2B753CA600266267 /* Tips.swift in Sources */ = {isa = PBXBuildFile; fileRef = AA19591B2B753CA600266267 /* Tips.swift */; };
		AA2A03932B555ACA002C1071 /* StubCountIndicator.swift in Sources */ = {isa = PBXBuildFile; fileRef = AA2A03922B555ACA002C1071 /* StubCountIndicator.swift */; };
		AA4202F02A38C8F1002EA5CD /* StubEditorColorSelector.swift in Sources */ = {isa = PBXBuildFile; fileRef = AA4202EF2A38C8F1002EA5CD /* StubEditorColorSelector.swift */; };
		AA4202F22A38E749002EA5CD /* StubEditorIconSelector.swift in Sources */ = {isa = PBXBuildFile; fileRef = AA4202F12A38E749002EA5CD /* StubEditorIconSelector.swift */; };
		AA48FED02A60DE3E005BA775 /* Extension-String.swift in Sources */ = {isa = PBXBuildFile; fileRef = AA48FECF2A60DE3E005BA775 /* Extension-String.swift */; };
		AA5615F82B27AB5B00A35D4A /* AlbumService.swift in Sources */ = {isa = PBXBuildFile; fileRef = AA5615F72B27AB5B00A35D4A /* AlbumService.swift */; };
		AA59EF9E2B3B152900EC82EB /* StubEditorStubPreview.swift in Sources */ = {isa = PBXBuildFile; fileRef = AA59EF9D2B3B152900EC82EB /* StubEditorStubPreview.swift */; };
		AA5E74E32B3DA67F005DBD87 /* ArtistService.swift in Sources */ = {isa = PBXBuildFile; fileRef = AA5E74E22B3DA67F005DBD87 /* ArtistService.swift */; };
		AA5E74E62B3DAA52005DBD87 /* ArtistDetailView.swift in Sources */ = {isa = PBXBuildFile; fileRef = AA5E74E52B3DAA52005DBD87 /* ArtistDetailView.swift */; };
		AA5E74E82B3DE0BC005DBD87 /* ArtistDetailVenuesMap.swift in Sources */ = {isa = PBXBuildFile; fileRef = AA5E74E72B3DE0BC005DBD87 /* ArtistDetailVenuesMap.swift */; };
		AA5E74F32B3EFD81005DBD87 /* TabBarContainer.swift in Sources */ = {isa = PBXBuildFile; fileRef = AA5E74F02B3EFD81005DBD87 /* TabBarContainer.swift */; };
		AA5E74F42B3EFD81005DBD87 /* TabBarItemPreferenceKey.swift in Sources */ = {isa = PBXBuildFile; fileRef = AA5E74F12B3EFD81005DBD87 /* TabBarItemPreferenceKey.swift */; };
		AA5E74F52B3EFD81005DBD87 /* MaterialTabBar.swift in Sources */ = {isa = PBXBuildFile; fileRef = AA5E74F22B3EFD81005DBD87 /* MaterialTabBar.swift */; };
		AA5E74F72B3EFDDE005DBD87 /* TabBarItem.swift in Sources */ = {isa = PBXBuildFile; fileRef = AA5E74F62B3EFDDE005DBD87 /* TabBarItem.swift */; };
		AA5E74FA2B3EFF9B005DBD87 /* ArtistsView.swift in Sources */ = {isa = PBXBuildFile; fileRef = AA5E74F92B3EFF9B005DBD87 /* ArtistsView.swift */; };
		AA62228E2B2A58F5004899A9 /* AlbumScrollView.swift in Sources */ = {isa = PBXBuildFile; fileRef = AA62228D2B2A58F5004899A9 /* AlbumScrollView.swift */; };
		AA6222902B2B367C004899A9 /* NoStubsView.swift in Sources */ = {isa = PBXBuildFile; fileRef = AA62228F2B2B367C004899A9 /* NoStubsView.swift */; };
		AA7B228A2B7CE0030017B3F0 /* ArtistImageView.swift in Sources */ = {isa = PBXBuildFile; fileRef = AA7B22892B7CE0030017B3F0 /* ArtistImageView.swift */; };
		AA7C57EE2B249B7B006843C4 /* StubShape.swift in Sources */ = {isa = PBXBuildFile; fileRef = AA7C57ED2B249B7B006843C4 /* StubShape.swift */; };
		AA87B0D22B47AB1D0071DB44 /* AlbumScrollViewLabel.swift in Sources */ = {isa = PBXBuildFile; fileRef = AA87B0D12B47AB1D0071DB44 /* AlbumScrollViewLabel.swift */; };
		AA87B0D42B47ADEC0071DB44 /* AlbumScrollViewPlaceholder.swift in Sources */ = {isa = PBXBuildFile; fileRef = AA87B0D32B47ADEC0071DB44 /* AlbumScrollViewPlaceholder.swift */; };
		AA87B0D92B4833F80071DB44 /* ArtistDetailProfileImage.swift in Sources */ = {isa = PBXBuildFile; fileRef = AA87B0D82B4833F80071DB44 /* ArtistDetailProfileImage.swift */; };
		AA87B0DB2B48F6530071DB44 /* ArtistDetailBannerView.swift in Sources */ = {isa = PBXBuildFile; fileRef = AA87B0DA2B48F6530071DB44 /* ArtistDetailBannerView.swift */; };
		AA87B0DD2B4A24D20071DB44 /* Artist.swift in Sources */ = {isa = PBXBuildFile; fileRef = AA87B0DC2B4A24D20071DB44 /* Artist.swift */; };
		AA8A746C2A32BDF3003E9B41 /* StubsApp.swift in Sources */ = {isa = PBXBuildFile; fileRef = AA8A746B2A32BDF3003E9B41 /* StubsApp.swift */; };
		AA8A746E2A32BDF3003E9B41 /* StubCollection.swift in Sources */ = {isa = PBXBuildFile; fileRef = AA8A746D2A32BDF3003E9B41 /* StubCollection.swift */; };
		AA8A74702A32BDF4003E9B41 /* Assets.xcassets in Resources */ = {isa = PBXBuildFile; fileRef = AA8A746F2A32BDF4003E9B41 /* Assets.xcassets */; };
		AA8A74732A32BDF4003E9B41 /* Preview Assets.xcassets in Resources */ = {isa = PBXBuildFile; fileRef = AA8A74722A32BDF4003E9B41 /* Preview Assets.xcassets */; };
		AA8A74752A32BDF4003E9B41 /* Concert.swift in Sources */ = {isa = PBXBuildFile; fileRef = AA8A74742A32BDF4003E9B41 /* Concert.swift */; };
		AA8A747F2A32BF79003E9B41 /* StubEditor.swift in Sources */ = {isa = PBXBuildFile; fileRef = AA8A747E2A32BF79003E9B41 /* StubEditor.swift */; };
		AA8A74822A32C912003E9B41 /* Extension-Color.swift in Sources */ = {isa = PBXBuildFile; fileRef = AA8A74812A32C912003E9B41 /* Extension-Color.swift */; };
		AA8A74862A32D5B1003E9B41 /* StubCollectionRowLabel.swift in Sources */ = {isa = PBXBuildFile; fileRef = AA8A74852A32D5B1003E9B41 /* StubCollectionRowLabel.swift */; };
		AA8A748C2A33A43E003E9B41 /* StubDetailView.swift in Sources */ = {isa = PBXBuildFile; fileRef = AA8A748B2A33A43E003E9B41 /* StubDetailView.swift */; };
		AAA3B7542A4A0E01002D2215 /* VenueMapView.swift in Sources */ = {isa = PBXBuildFile; fileRef = AAA3B7532A4A0E01002D2215 /* VenueMapView.swift */; };
		AAA418472B29DC2400E59B51 /* RapidAPIKey.swift in Sources */ = {isa = PBXBuildFile; fileRef = AAA418462B29DC2400E59B51 /* RapidAPIKey.swift */; };
		AAACA44B2B69217B0078DE2F /* VenueGridItem.swift in Sources */ = {isa = PBXBuildFile; fileRef = AAACA44A2B69217B0078DE2F /* VenueGridItem.swift */; };
		AAB050192A59D88600EB88BD /* StubView.swift in Sources */ = {isa = PBXBuildFile; fileRef = AAB050182A59D88600EB88BD /* StubView.swift */; };
		AAC4D4CE2B2B41790098D28D /* ContentView.swift in Sources */ = {isa = PBXBuildFile; fileRef = AAC4D4CD2B2B41790098D28D /* ContentView.swift */; };
		AAC4D4D02B2E77F80098D28D /* StubEditorDetails.swift in Sources */ = {isa = PBXBuildFile; fileRef = AAC4D4CF2B2E77F80098D28D /* StubEditorDetails.swift */; };
		AAC4D4DA2B2F594F0098D28D /* VerticalLineBoundary.swift in Sources */ = {isa = PBXBuildFile; fileRef = AAC4D4D92B2F594F0098D28D /* VerticalLineBoundary.swift */; };
		AAC4D4DE2B2FD6420098D28D /* FavoriteIcon.swift in Sources */ = {isa = PBXBuildFile; fileRef = AAC4D4DD2B2FD6420098D28D /* FavoriteIcon.swift */; };
		AAC4D4E02B2FF4E00098D28D /* StubThumbnail.swift in Sources */ = {isa = PBXBuildFile; fileRef = AAC4D4DF2B2FF4E00098D28D /* StubThumbnail.swift */; };
		AAC4D4E22B2FF5A40098D28D /* RelatedStubScrollView.swift in Sources */ = {isa = PBXBuildFile; fileRef = AAC4D4E12B2FF5A40098D28D /* RelatedStubScrollView.swift */; };
		AAC4D4E42B2FFF400098D28D /* ArtistStubsLabel.swift in Sources */ = {isa = PBXBuildFile; fileRef = AAC4D4E32B2FFF400098D28D /* ArtistStubsLabel.swift */; };
		AAC4D4E62B31B7470098D28D /* StubNotesView.swift in Sources */ = {isa = PBXBuildFile; fileRef = AAC4D4E52B31B7470098D28D /* StubNotesView.swift */; };
		AACBD17E2B5B09710093EAB7 /* ProfileView.swift in Sources */ = {isa = PBXBuildFile; fileRef = AACBD17D2B5B09710093EAB7 /* ProfileView.swift */; };
		AAD8B0B12B66027D00693D14 /* VenueGridView.swift in Sources */ = {isa = PBXBuildFile; fileRef = AAD8B0B02B66027D00693D14 /* VenueGridView.swift */; };
		AAD8B0B32B66039400693D14 /* VenueGridExpandedMapView.swift in Sources */ = {isa = PBXBuildFile; fileRef = AAD8B0B22B66039400693D14 /* VenueGridExpandedMapView.swift */; };
		AADE4FBB2B601E31000C7DF3 /* SortOrder.swift in Sources */ = {isa = PBXBuildFile; fileRef = AADE4FBA2B601E31000C7DF3 /* SortOrder.swift */; };
		AAE8AB372A3CD89F0069DAF4 /* ActionButton.swift in Sources */ = {isa = PBXBuildFile; fileRef = AAE8AB362A3CD89F0069DAF4 /* ActionButton.swift */; };
		AAEDF07F2B596BC50059F8B6 /* DebugData.swift in Sources */ = {isa = PBXBuildFile; fileRef = AAEDF07E2B596BC50059F8B6 /* DebugData.swift */; };
/* End PBXBuildFile section */

/* Begin PBXFileReference section */
		AA127E902B474E0E0058CE06 /* StubEditorNotes.swift */ = {isa = PBXFileReference; lastKnownFileType = sourcecode.swift; path = StubEditorNotes.swift; sourceTree = "<group>"; };
		AA19591B2B753CA600266267 /* Tips.swift */ = {isa = PBXFileReference; lastKnownFileType = sourcecode.swift; path = Tips.swift; sourceTree = "<group>"; };
		AA2A03922B555ACA002C1071 /* StubCountIndicator.swift */ = {isa = PBXFileReference; lastKnownFileType = sourcecode.swift; path = StubCountIndicator.swift; sourceTree = "<group>"; };
		AA4202EF2A38C8F1002EA5CD /* StubEditorColorSelector.swift */ = {isa = PBXFileReference; lastKnownFileType = sourcecode.swift; path = StubEditorColorSelector.swift; sourceTree = "<group>"; };
		AA4202F12A38E749002EA5CD /* StubEditorIconSelector.swift */ = {isa = PBXFileReference; lastKnownFileType = sourcecode.swift; path = StubEditorIconSelector.swift; sourceTree = "<group>"; };
		AA48FECF2A60DE3E005BA775 /* Extension-String.swift */ = {isa = PBXFileReference; lastKnownFileType = sourcecode.swift; path = "Extension-String.swift"; sourceTree = "<group>"; };
		AA5615F72B27AB5B00A35D4A /* AlbumService.swift */ = {isa = PBXFileReference; lastKnownFileType = sourcecode.swift; path = AlbumService.swift; sourceTree = "<group>"; };
		AA59EF9D2B3B152900EC82EB /* StubEditorStubPreview.swift */ = {isa = PBXFileReference; lastKnownFileType = sourcecode.swift; path = StubEditorStubPreview.swift; sourceTree = "<group>"; };
		AA5E74E22B3DA67F005DBD87 /* ArtistService.swift */ = {isa = PBXFileReference; lastKnownFileType = sourcecode.swift; path = ArtistService.swift; sourceTree = "<group>"; };
		AA5E74E52B3DAA52005DBD87 /* ArtistDetailView.swift */ = {isa = PBXFileReference; lastKnownFileType = sourcecode.swift; path = ArtistDetailView.swift; sourceTree = "<group>"; };
		AA5E74E72B3DE0BC005DBD87 /* ArtistDetailVenuesMap.swift */ = {isa = PBXFileReference; lastKnownFileType = sourcecode.swift; path = ArtistDetailVenuesMap.swift; sourceTree = "<group>"; };
		AA5E74F02B3EFD81005DBD87 /* TabBarContainer.swift */ = {isa = PBXFileReference; fileEncoding = 4; lastKnownFileType = sourcecode.swift; path = TabBarContainer.swift; sourceTree = "<group>"; };
		AA5E74F12B3EFD81005DBD87 /* TabBarItemPreferenceKey.swift */ = {isa = PBXFileReference; fileEncoding = 4; lastKnownFileType = sourcecode.swift; path = TabBarItemPreferenceKey.swift; sourceTree = "<group>"; };
		AA5E74F22B3EFD81005DBD87 /* MaterialTabBar.swift */ = {isa = PBXFileReference; fileEncoding = 4; lastKnownFileType = sourcecode.swift; path = MaterialTabBar.swift; sourceTree = "<group>"; };
		AA5E74F62B3EFDDE005DBD87 /* TabBarItem.swift */ = {isa = PBXFileReference; fileEncoding = 4; lastKnownFileType = sourcecode.swift; path = TabBarItem.swift; sourceTree = "<group>"; };
		AA5E74F92B3EFF9B005DBD87 /* ArtistsView.swift */ = {isa = PBXFileReference; lastKnownFileType = sourcecode.swift; path = ArtistsView.swift; sourceTree = "<group>"; };
		AA62228D2B2A58F5004899A9 /* AlbumScrollView.swift */ = {isa = PBXFileReference; lastKnownFileType = sourcecode.swift; path = AlbumScrollView.swift; sourceTree = "<group>"; };
		AA62228F2B2B367C004899A9 /* NoStubsView.swift */ = {isa = PBXFileReference; lastKnownFileType = sourcecode.swift; path = NoStubsView.swift; sourceTree = "<group>"; };
		AA7B22892B7CE0030017B3F0 /* ArtistImageView.swift */ = {isa = PBXFileReference; lastKnownFileType = sourcecode.swift; path = ArtistImageView.swift; sourceTree = "<group>"; };
		AA7C57ED2B249B7B006843C4 /* StubShape.swift */ = {isa = PBXFileReference; lastKnownFileType = sourcecode.swift; path = StubShape.swift; sourceTree = "<group>"; };
		AA87B0D12B47AB1D0071DB44 /* AlbumScrollViewLabel.swift */ = {isa = PBXFileReference; lastKnownFileType = sourcecode.swift; path = AlbumScrollViewLabel.swift; sourceTree = "<group>"; };
		AA87B0D32B47ADEC0071DB44 /* AlbumScrollViewPlaceholder.swift */ = {isa = PBXFileReference; lastKnownFileType = sourcecode.swift; path = AlbumScrollViewPlaceholder.swift; sourceTree = "<group>"; };
		AA87B0D82B4833F80071DB44 /* ArtistDetailProfileImage.swift */ = {isa = PBXFileReference; lastKnownFileType = sourcecode.swift; path = ArtistDetailProfileImage.swift; sourceTree = "<group>"; };
		AA87B0DA2B48F6530071DB44 /* ArtistDetailBannerView.swift */ = {isa = PBXFileReference; lastKnownFileType = sourcecode.swift; path = ArtistDetailBannerView.swift; sourceTree = "<group>"; };
		AA87B0DC2B4A24D20071DB44 /* Artist.swift */ = {isa = PBXFileReference; lastKnownFileType = sourcecode.swift; path = Artist.swift; sourceTree = "<group>"; };
		AA8A74682A32BDF3003E9B41 /* Stubs.app */ = {isa = PBXFileReference; explicitFileType = wrapper.application; includeInIndex = 0; path = Stubs.app; sourceTree = BUILT_PRODUCTS_DIR; };
		AA8A746B2A32BDF3003E9B41 /* StubsApp.swift */ = {isa = PBXFileReference; lastKnownFileType = sourcecode.swift; path = StubsApp.swift; sourceTree = "<group>"; };
		AA8A746D2A32BDF3003E9B41 /* StubCollection.swift */ = {isa = PBXFileReference; lastKnownFileType = sourcecode.swift; path = StubCollection.swift; sourceTree = "<group>"; };
		AA8A746F2A32BDF4003E9B41 /* Assets.xcassets */ = {isa = PBXFileReference; lastKnownFileType = folder.assetcatalog; path = Assets.xcassets; sourceTree = "<group>"; };
		AA8A74722A32BDF4003E9B41 /* Preview Assets.xcassets */ = {isa = PBXFileReference; lastKnownFileType = folder.assetcatalog; path = "Preview Assets.xcassets"; sourceTree = "<group>"; };
		AA8A74742A32BDF4003E9B41 /* Concert.swift */ = {isa = PBXFileReference; lastKnownFileType = sourcecode.swift; path = Concert.swift; sourceTree = "<group>"; };
		AA8A747E2A32BF79003E9B41 /* StubEditor.swift */ = {isa = PBXFileReference; lastKnownFileType = sourcecode.swift; path = StubEditor.swift; sourceTree = "<group>"; };
		AA8A74812A32C912003E9B41 /* Extension-Color.swift */ = {isa = PBXFileReference; lastKnownFileType = sourcecode.swift; path = "Extension-Color.swift"; sourceTree = "<group>"; };
		AA8A74852A32D5B1003E9B41 /* StubCollectionRowLabel.swift */ = {isa = PBXFileReference; lastKnownFileType = sourcecode.swift; path = StubCollectionRowLabel.swift; sourceTree = "<group>"; };
		AA8A748B2A33A43E003E9B41 /* StubDetailView.swift */ = {isa = PBXFileReference; lastKnownFileType = sourcecode.swift; path = StubDetailView.swift; sourceTree = "<group>"; };
		AAA3B7532A4A0E01002D2215 /* VenueMapView.swift */ = {isa = PBXFileReference; lastKnownFileType = sourcecode.swift; path = VenueMapView.swift; sourceTree = "<group>"; };
		AAA418462B29DC2400E59B51 /* RapidAPIKey.swift */ = {isa = PBXFileReference; lastKnownFileType = sourcecode.swift; path = RapidAPIKey.swift; sourceTree = "<group>"; };
		AAACA44A2B69217B0078DE2F /* VenueGridItem.swift */ = {isa = PBXFileReference; lastKnownFileType = sourcecode.swift; path = VenueGridItem.swift; sourceTree = "<group>"; };
		AAB050182A59D88600EB88BD /* StubView.swift */ = {isa = PBXFileReference; lastKnownFileType = sourcecode.swift; path = StubView.swift; sourceTree = "<group>"; };
		AAC4D4CD2B2B41790098D28D /* ContentView.swift */ = {isa = PBXFileReference; lastKnownFileType = sourcecode.swift; path = ContentView.swift; sourceTree = "<group>"; };
		AAC4D4CF2B2E77F80098D28D /* StubEditorDetails.swift */ = {isa = PBXFileReference; lastKnownFileType = sourcecode.swift; path = StubEditorDetails.swift; sourceTree = "<group>"; };
		AAC4D4D92B2F594F0098D28D /* VerticalLineBoundary.swift */ = {isa = PBXFileReference; lastKnownFileType = sourcecode.swift; path = VerticalLineBoundary.swift; sourceTree = "<group>"; };
		AAC4D4DD2B2FD6420098D28D /* FavoriteIcon.swift */ = {isa = PBXFileReference; lastKnownFileType = sourcecode.swift; path = FavoriteIcon.swift; sourceTree = "<group>"; };
		AAC4D4DF2B2FF4E00098D28D /* StubThumbnail.swift */ = {isa = PBXFileReference; lastKnownFileType = sourcecode.swift; path = StubThumbnail.swift; sourceTree = "<group>"; };
		AAC4D4E12B2FF5A40098D28D /* RelatedStubScrollView.swift */ = {isa = PBXFileReference; lastKnownFileType = sourcecode.swift; path = RelatedStubScrollView.swift; sourceTree = "<group>"; };
		AAC4D4E32B2FFF400098D28D /* ArtistStubsLabel.swift */ = {isa = PBXFileReference; lastKnownFileType = sourcecode.swift; path = ArtistStubsLabel.swift; sourceTree = "<group>"; };
		AAC4D4E52B31B7470098D28D /* StubNotesView.swift */ = {isa = PBXFileReference; lastKnownFileType = sourcecode.swift; path = StubNotesView.swift; sourceTree = "<group>"; };
		AACBD17D2B5B09710093EAB7 /* ProfileView.swift */ = {isa = PBXFileReference; lastKnownFileType = sourcecode.swift; path = ProfileView.swift; sourceTree = "<group>"; };
		AAD8B0B02B66027D00693D14 /* VenueGridView.swift */ = {isa = PBXFileReference; lastKnownFileType = sourcecode.swift; path = VenueGridView.swift; sourceTree = "<group>"; };
		AAD8B0B22B66039400693D14 /* VenueGridExpandedMapView.swift */ = {isa = PBXFileReference; lastKnownFileType = sourcecode.swift; path = VenueGridExpandedMapView.swift; sourceTree = "<group>"; };
		AADE4FBA2B601E31000C7DF3 /* SortOrder.swift */ = {isa = PBXFileReference; lastKnownFileType = sourcecode.swift; path = SortOrder.swift; sourceTree = "<group>"; };
		AAE8AB362A3CD89F0069DAF4 /* ActionButton.swift */ = {isa = PBXFileReference; lastKnownFileType = sourcecode.swift; path = ActionButton.swift; sourceTree = "<group>"; };
		AAEDF07E2B596BC50059F8B6 /* DebugData.swift */ = {isa = PBXFileReference; lastKnownFileType = sourcecode.swift; path = DebugData.swift; sourceTree = "<group>"; };
/* End PBXFileReference section */

/* Begin PBXFrameworksBuildPhase section */
		AA8A74652A32BDF3003E9B41 /* Frameworks */ = {
			isa = PBXFrameworksBuildPhase;
			buildActionMask = 2147483647;
			files = (
			);
			runOnlyForDeploymentPostprocessing = 0;
		};
/* End PBXFrameworksBuildPhase section */

/* Begin PBXGroup section */
		AA19591A2B753C8400266267 /* Tips */ = {
			isa = PBXGroup;
			children = (
				AA19591B2B753CA600266267 /* Tips.swift */,
			);
			path = Tips;
			sourceTree = "<group>";
		};
		AA2A038F2B555A69002C1071 /* ArtsistsView */ = {
			isa = PBXGroup;
			children = (
				AA5E74F92B3EFF9B005DBD87 /* ArtistsView.swift */,
				AA7B22892B7CE0030017B3F0 /* ArtistImageView.swift */,
				AADE4FBA2B601E31000C7DF3 /* SortOrder.swift */,
				AA2A03922B555ACA002C1071 /* StubCountIndicator.swift */,
			);
			path = ArtsistsView;
			sourceTree = "<group>";
		};
		AA48FED32A64E51C005BA775 /* StubCollection */ = {
			isa = PBXGroup;
			children = (
				AA62228F2B2B367C004899A9 /* NoStubsView.swift */,
				AA8A746D2A32BDF3003E9B41 /* StubCollection.swift */,
				AA8A74852A32D5B1003E9B41 /* StubCollectionRowLabel.swift */,
			);
			path = StubCollection;
			sourceTree = "<group>";
		};
		AA48FED42A64E63E005BA775 /* Components */ = {
			isa = PBXGroup;
			children = (
				AAE8AB362A3CD89F0069DAF4 /* ActionButton.swift */,
				AAC4D4DD2B2FD6420098D28D /* FavoriteIcon.swift */,
			);
			path = Components;
			sourceTree = "<group>";
		};
		AA59EFA12B3C6CAB00EC82EB /* StubDetailView */ = {
			isa = PBXGroup;
			children = (
				AA8A748B2A33A43E003E9B41 /* StubDetailView.swift */,
				AAC4D4E52B31B7470098D28D /* StubNotesView.swift */,
				AAC4D4E12B2FF5A40098D28D /* RelatedStubScrollView.swift */,
				AAA3B7532A4A0E01002D2215 /* VenueMapView.swift */,
			);
			path = StubDetailView;
			sourceTree = "<group>";
		};
		AA5E74E42B3DAA43005DBD87 /* ArtistDetailView */ = {
			isa = PBXGroup;
			children = (
				AA5E74E52B3DAA52005DBD87 /* ArtistDetailView.swift */,
				AA87B0DA2B48F6530071DB44 /* ArtistDetailBannerView.swift */,
				AA87B0D82B4833F80071DB44 /* ArtistDetailProfileImage.swift */,
				AA5E74E72B3DE0BC005DBD87 /* ArtistDetailVenuesMap.swift */,
				AAC4D4E32B2FFF400098D28D /* ArtistStubsLabel.swift */,
			);
			path = ArtistDetailView;
			sourceTree = "<group>";
		};
		AA5E74EF2B3EFD00005DBD87 /* TabBar */ = {
			isa = PBXGroup;
			children = (
				AA5E74F62B3EFDDE005DBD87 /* TabBarItem.swift */,
				AA5E74F22B3EFD81005DBD87 /* MaterialTabBar.swift */,
				AA5E74F02B3EFD81005DBD87 /* TabBarContainer.swift */,
				AA5E74F12B3EFD81005DBD87 /* TabBarItemPreferenceKey.swift */,
			);
			path = TabBar;
			sourceTree = "<group>";
		};
		AA5E74F82B3EFF8A005DBD87 /* Artists */ = {
			isa = PBXGroup;
			children = (
				AA2A038F2B555A69002C1071 /* ArtsistsView */,
				AA87B0D52B47AEF60071DB44 /* Album */,
				AA5E74E42B3DAA43005DBD87 /* ArtistDetailView */,
			);
			path = Artists;
			sourceTree = "<group>";
		};
		AA87B0D52B47AEF60071DB44 /* Album */ = {
			isa = PBXGroup;
			children = (
				AA62228D2B2A58F5004899A9 /* AlbumScrollView.swift */,
				AA87B0D12B47AB1D0071DB44 /* AlbumScrollViewLabel.swift */,
				AA87B0D32B47ADEC0071DB44 /* AlbumScrollViewPlaceholder.swift */,
			);
			path = Album;
			sourceTree = "<group>";
		};
		AA8A745F2A32BDF3003E9B41 = {
			isa = PBXGroup;
			children = (
				AA8A746A2A32BDF3003E9B41 /* Stubs */,
				AA8A74692A32BDF3003E9B41 /* Products */,
			);
			sourceTree = "<group>";
		};
		AA8A74692A32BDF3003E9B41 /* Products */ = {
			isa = PBXGroup;
			children = (
				AA8A74682A32BDF3003E9B41 /* Stubs.app */,
			);
			name = Products;
			sourceTree = "<group>";
		};
		AA8A746A2A32BDF3003E9B41 /* Stubs */ = {
			isa = PBXGroup;
			children = (
				AA8A746B2A32BDF3003E9B41 /* StubsApp.swift */,
				AA8A747B2A32BE0A003E9B41 /* Models */,
				AA8A74802A32C8FE003E9B41 /* Extensions */,
				AA19591A2B753C8400266267 /* Tips */,
				AA8A747C2A32BE12003E9B41 /* Views */,
				AA8A746F2A32BDF4003E9B41 /* Assets.xcassets */,
				AA8A74712A32BDF4003E9B41 /* Preview Content */,
			);
			path = Stubs;
			sourceTree = "<group>";
		};
		AA8A74712A32BDF4003E9B41 /* Preview Content */ = {
			isa = PBXGroup;
			children = (
				AA8A74722A32BDF4003E9B41 /* Preview Assets.xcassets */,
			);
			path = "Preview Content";
			sourceTree = "<group>";
		};
		AA8A747B2A32BE0A003E9B41 /* Models */ = {
			isa = PBXGroup;
			children = (
				AA5615F72B27AB5B00A35D4A /* AlbumService.swift */,
				AA87B0DC2B4A24D20071DB44 /* Artist.swift */,
				AA5E74E22B3DA67F005DBD87 /* ArtistService.swift */,
				AA8A74742A32BDF4003E9B41 /* Concert.swift */,
				AAA418462B29DC2400E59B51 /* RapidAPIKey.swift */,
				AAEDF07E2B596BC50059F8B6 /* DebugData.swift */,
			);
			path = Models;
			sourceTree = "<group>";
		};
		AA8A747C2A32BE12003E9B41 /* Views */ = {
			isa = PBXGroup;
			children = (
				AAC4D4CD2B2B41790098D28D /* ContentView.swift */,
				AA5E74F82B3EFF8A005DBD87 /* Artists */,
				AA48FED42A64E63E005BA775 /* Components */,
				AACBD17C2B5B095E0093EAB7 /* Profile */,
				AAC4D4D62B2F4AC10098D28D /* Stubs */,
				AA5E74EF2B3EFD00005DBD87 /* TabBar */,
				AADE4FBC2B63DCE0000C7DF3 /* Venues */,
			);
			path = Views;
			sourceTree = "<group>";
		};
		AA8A74802A32C8FE003E9B41 /* Extensions */ = {
			isa = PBXGroup;
			children = (
				AA8A74812A32C912003E9B41 /* Extension-Color.swift */,
				AA48FECF2A60DE3E005BA775 /* Extension-String.swift */,
			);
			path = Extensions;
			sourceTree = "<group>";
		};
		AAC4D4D12B2E79CB0098D28D /* StubEditor */ = {
			isa = PBXGroup;
			children = (
				AA8A747E2A32BF79003E9B41 /* StubEditor.swift */,
				AA4202EF2A38C8F1002EA5CD /* StubEditorColorSelector.swift */,
				AA4202F12A38E749002EA5CD /* StubEditorIconSelector.swift */,
				AAC4D4CF2B2E77F80098D28D /* StubEditorDetails.swift */,
				AA127E902B474E0E0058CE06 /* StubEditorNotes.swift */,
				AA59EF9D2B3B152900EC82EB /* StubEditorStubPreview.swift */,
			);
			path = StubEditor;
			sourceTree = "<group>";
		};
		AAC4D4D62B2F4AC10098D28D /* Stubs */ = {
			isa = PBXGroup;
			children = (
				AAB050182A59D88600EB88BD /* StubView.swift */,
				AA7C57ED2B249B7B006843C4 /* StubShape.swift */,
				AAC4D4DF2B2FF4E00098D28D /* StubThumbnail.swift */,
				AAC4D4D92B2F594F0098D28D /* VerticalLineBoundary.swift */,
				AA48FED32A64E51C005BA775 /* StubCollection */,
				AA59EFA12B3C6CAB00EC82EB /* StubDetailView */,
				AAC4D4D12B2E79CB0098D28D /* StubEditor */,
			);
			path = Stubs;
			sourceTree = "<group>";
		};
		AACBD17C2B5B095E0093EAB7 /* Profile */ = {
			isa = PBXGroup;
			children = (
				AACBD17D2B5B09710093EAB7 /* ProfileView.swift */,
			);
			path = Profile;
			sourceTree = "<group>";
		};
		AADE4FBC2B63DCE0000C7DF3 /* Venues */ = {
			isa = PBXGroup;
			children = (
				AAD8B0B02B66027D00693D14 /* VenueGridView.swift */,
				AAACA44A2B69217B0078DE2F /* VenueGridItem.swift */,
				AAD8B0B22B66039400693D14 /* VenueGridExpandedMapView.swift */,
			);
			path = Venues;
			sourceTree = "<group>";
		};
/* End PBXGroup section */

/* Begin PBXNativeTarget section */
		AA8A74672A32BDF3003E9B41 /* Stubs */ = {
			isa = PBXNativeTarget;
			buildConfigurationList = AA8A74782A32BDF4003E9B41 /* Build configuration list for PBXNativeTarget "Stubs" */;
			buildPhases = (
				AA8A74642A32BDF3003E9B41 /* Sources */,
				AA8A74652A32BDF3003E9B41 /* Frameworks */,
				AA8A74662A32BDF3003E9B41 /* Resources */,
			);
			buildRules = (
			);
			dependencies = (
			);
			name = Stubs;
			packageProductDependencies = (
			);
			productName = Stubs;
			productReference = AA8A74682A32BDF3003E9B41 /* Stubs.app */;
			productType = "com.apple.product-type.application";
		};
/* End PBXNativeTarget section */

/* Begin PBXProject section */
		AA8A74602A32BDF3003E9B41 /* Project object */ = {
			isa = PBXProject;
			attributes = {
				BuildIndependentTargetsInParallel = 1;
				LastSwiftUpdateCheck = 1500;
				LastUpgradeCheck = 1500;
				TargetAttributes = {
					AA8A74672A32BDF3003E9B41 = {
						CreatedOnToolsVersion = 15.0;
					};
				};
			};
			buildConfigurationList = AA8A74632A32BDF3003E9B41 /* Build configuration list for PBXProject "Stubs" */;
			compatibilityVersion = "Xcode 14.0";
			developmentRegion = en;
			hasScannedForEncodings = 0;
			knownRegions = (
				en,
				Base,
			);
			mainGroup = AA8A745F2A32BDF3003E9B41;
			packageReferences = (
			);
			productRefGroup = AA8A74692A32BDF3003E9B41 /* Products */;
			projectDirPath = "";
			projectRoot = "";
			targets = (
				AA8A74672A32BDF3003E9B41 /* Stubs */,
			);
		};
/* End PBXProject section */

/* Begin PBXResourcesBuildPhase section */
		AA8A74662A32BDF3003E9B41 /* Resources */ = {
			isa = PBXResourcesBuildPhase;
			buildActionMask = 2147483647;
			files = (
				AA8A74732A32BDF4003E9B41 /* Preview Assets.xcassets in Resources */,
				AA8A74702A32BDF4003E9B41 /* Assets.xcassets in Resources */,
			);
			runOnlyForDeploymentPostprocessing = 0;
		};
/* End PBXResourcesBuildPhase section */

/* Begin PBXSourcesBuildPhase section */
		AA8A74642A32BDF3003E9B41 /* Sources */ = {
			isa = PBXSourcesBuildPhase;
			buildActionMask = 2147483647;
			files = (
				AAC4D4E22B2FF5A40098D28D /* RelatedStubScrollView.swift in Sources */,
				AA8A746E2A32BDF3003E9B41 /* StubCollection.swift in Sources */,
				AA8A74822A32C912003E9B41 /* Extension-Color.swift in Sources */,
				AA5E74F42B3EFD81005DBD87 /* TabBarItemPreferenceKey.swift in Sources */,
				AA5E74E32B3DA67F005DBD87 /* ArtistService.swift in Sources */,
				AA5E74E82B3DE0BC005DBD87 /* ArtistDetailVenuesMap.swift in Sources */,
				AAB050192A59D88600EB88BD /* StubView.swift in Sources */,
				AA87B0D92B4833F80071DB44 /* ArtistDetailProfileImage.swift in Sources */,
				AA5E74F32B3EFD81005DBD87 /* TabBarContainer.swift in Sources */,
				AA87B0DD2B4A24D20071DB44 /* Artist.swift in Sources */,
				AAC4D4E42B2FFF400098D28D /* ArtistStubsLabel.swift in Sources */,
				AAA3B7542A4A0E01002D2215 /* VenueMapView.swift in Sources */,
				AA5E74F52B3EFD81005DBD87 /* MaterialTabBar.swift in Sources */,
				AAEDF07F2B596BC50059F8B6 /* DebugData.swift in Sources */,
				AAC4D4DE2B2FD6420098D28D /* FavoriteIcon.swift in Sources */,
				AA5E74FA2B3EFF9B005DBD87 /* ArtistsView.swift in Sources */,
				AAE8AB372A3CD89F0069DAF4 /* ActionButton.swift in Sources */,
				AA87B0D42B47ADEC0071DB44 /* AlbumScrollViewPlaceholder.swift in Sources */,
				AA62228E2B2A58F5004899A9 /* AlbumScrollView.swift in Sources */,
				AA8A74862A32D5B1003E9B41 /* StubCollectionRowLabel.swift in Sources */,
				AAC4D4DA2B2F594F0098D28D /* VerticalLineBoundary.swift in Sources */,
				AAACA44B2B69217B0078DE2F /* VenueGridItem.swift in Sources */,
				AAD8B0B32B66039400693D14 /* VenueGridExpandedMapView.swift in Sources */,
				AA127E912B474E0E0058CE06 /* StubEditorNotes.swift in Sources */,
				AA87B0D22B47AB1D0071DB44 /* AlbumScrollViewLabel.swift in Sources */,
				AA87B0DB2B48F6530071DB44 /* ArtistDetailBannerView.swift in Sources */,
				AA59EF9E2B3B152900EC82EB /* StubEditorStubPreview.swift in Sources */,
				AA8A747F2A32BF79003E9B41 /* StubEditor.swift in Sources */,
				AA8A748C2A33A43E003E9B41 /* StubDetailView.swift in Sources */,
				AAD8B0B12B66027D00693D14 /* VenueGridView.swift in Sources */,
				AA6222902B2B367C004899A9 /* NoStubsView.swift in Sources */,
				AA2A03932B555ACA002C1071 /* StubCountIndicator.swift in Sources */,
				AAC4D4CE2B2B41790098D28D /* ContentView.swift in Sources */,
				AAC4D4E02B2FF4E00098D28D /* StubThumbnail.swift in Sources */,
				AA48FED02A60DE3E005BA775 /* Extension-String.swift in Sources */,
				AA5E74E62B3DAA52005DBD87 /* ArtistDetailView.swift in Sources */,
				AA5615F82B27AB5B00A35D4A /* AlbumService.swift in Sources */,
				AAC4D4E62B31B7470098D28D /* StubNotesView.swift in Sources */,
				AA7C57EE2B249B7B006843C4 /* StubShape.swift in Sources */,
				AA7B228A2B7CE0030017B3F0 /* ArtistImageView.swift in Sources */,
				AACBD17E2B5B09710093EAB7 /* ProfileView.swift in Sources */,
				AA19591C2B753CA600266267 /* Tips.swift in Sources */,
				AAA418472B29DC2400E59B51 /* RapidAPIKey.swift in Sources */,
				AA5E74F72B3EFDDE005DBD87 /* TabBarItem.swift in Sources */,
				AA8A74752A32BDF4003E9B41 /* Concert.swift in Sources */,
				AADE4FBB2B601E31000C7DF3 /* SortOrder.swift in Sources */,
				AA4202F22A38E749002EA5CD /* StubEditorIconSelector.swift in Sources */,
				AA8A746C2A32BDF3003E9B41 /* StubsApp.swift in Sources */,
				AA4202F02A38C8F1002EA5CD /* StubEditorColorSelector.swift in Sources */,
				AAC4D4D02B2E77F80098D28D /* StubEditorDetails.swift in Sources */,
			);
			runOnlyForDeploymentPostprocessing = 0;
		};
/* End PBXSourcesBuildPhase section */

/* Begin XCBuildConfiguration section */
		AA8A74762A32BDF4003E9B41 /* Debug */ = {
			isa = XCBuildConfiguration;
			buildSettings = {
				ALWAYS_SEARCH_USER_PATHS = NO;
				ASSETCATALOG_COMPILER_GENERATE_SWIFT_ASSET_SYMBOL_EXTENSIONS = YES;
				CLANG_ANALYZER_NONNULL = YES;
				CLANG_ANALYZER_NUMBER_OBJECT_CONVERSION = YES_AGGRESSIVE;
				CLANG_CXX_LANGUAGE_STANDARD = "gnu++20";
				CLANG_ENABLE_MODULES = YES;
				CLANG_ENABLE_OBJC_ARC = YES;
				CLANG_ENABLE_OBJC_WEAK = YES;
				CLANG_WARN_BLOCK_CAPTURE_AUTORELEASING = YES;
				CLANG_WARN_BOOL_CONVERSION = YES;
				CLANG_WARN_COMMA = YES;
				CLANG_WARN_CONSTANT_CONVERSION = YES;
				CLANG_WARN_DEPRECATED_OBJC_IMPLEMENTATIONS = YES;
				CLANG_WARN_DIRECT_OBJC_ISA_USAGE = YES_ERROR;
				CLANG_WARN_DOCUMENTATION_COMMENTS = YES;
				CLANG_WARN_EMPTY_BODY = YES;
				CLANG_WARN_ENUM_CONVERSION = YES;
				CLANG_WARN_INFINITE_RECURSION = YES;
				CLANG_WARN_INT_CONVERSION = YES;
				CLANG_WARN_NON_LITERAL_NULL_CONVERSION = YES;
				CLANG_WARN_OBJC_IMPLICIT_RETAIN_SELF = YES;
				CLANG_WARN_OBJC_LITERAL_CONVERSION = YES;
				CLANG_WARN_OBJC_ROOT_CLASS = YES_ERROR;
				CLANG_WARN_QUOTED_INCLUDE_IN_FRAMEWORK_HEADER = YES;
				CLANG_WARN_RANGE_LOOP_ANALYSIS = YES;
				CLANG_WARN_STRICT_PROTOTYPES = YES;
				CLANG_WARN_SUSPICIOUS_MOVE = YES;
				CLANG_WARN_UNGUARDED_AVAILABILITY = YES_AGGRESSIVE;
				CLANG_WARN_UNREACHABLE_CODE = YES;
				CLANG_WARN__DUPLICATE_METHOD_MATCH = YES;
				COPY_PHASE_STRIP = NO;
				DEBUG_INFORMATION_FORMAT = dwarf;
				ENABLE_STRICT_OBJC_MSGSEND = YES;
				ENABLE_TESTABILITY = YES;
				ENABLE_USER_SCRIPT_SANDBOXING = YES;
				GCC_C_LANGUAGE_STANDARD = gnu17;
				GCC_DYNAMIC_NO_PIC = NO;
				GCC_NO_COMMON_BLOCKS = YES;
				GCC_OPTIMIZATION_LEVEL = 0;
				GCC_PREPROCESSOR_DEFINITIONS = (
					"DEBUG=1",
					"$(inherited)",
				);
				GCC_WARN_64_TO_32_BIT_CONVERSION = YES;
				GCC_WARN_ABOUT_RETURN_TYPE = YES_ERROR;
				GCC_WARN_UNDECLARED_SELECTOR = YES;
				GCC_WARN_UNINITIALIZED_AUTOS = YES_AGGRESSIVE;
				GCC_WARN_UNUSED_FUNCTION = YES;
				GCC_WARN_UNUSED_VARIABLE = YES;
				IPHONEOS_DEPLOYMENT_TARGET = 17.0;
				LOCALIZATION_PREFERS_STRING_CATALOGS = YES;
				MTL_ENABLE_DEBUG_INFO = INCLUDE_SOURCE;
				MTL_FAST_MATH = YES;
				ONLY_ACTIVE_ARCH = YES;
				SDKROOT = iphoneos;
				SWIFT_ACTIVE_COMPILATION_CONDITIONS = "DEBUG $(inherited)";
				SWIFT_OPTIMIZATION_LEVEL = "-Onone";
			};
			name = Debug;
		};
		AA8A74772A32BDF4003E9B41 /* Release */ = {
			isa = XCBuildConfiguration;
			buildSettings = {
				ALWAYS_SEARCH_USER_PATHS = NO;
				ASSETCATALOG_COMPILER_GENERATE_SWIFT_ASSET_SYMBOL_EXTENSIONS = YES;
				CLANG_ANALYZER_NONNULL = YES;
				CLANG_ANALYZER_NUMBER_OBJECT_CONVERSION = YES_AGGRESSIVE;
				CLANG_CXX_LANGUAGE_STANDARD = "gnu++20";
				CLANG_ENABLE_MODULES = YES;
				CLANG_ENABLE_OBJC_ARC = YES;
				CLANG_ENABLE_OBJC_WEAK = YES;
				CLANG_WARN_BLOCK_CAPTURE_AUTORELEASING = YES;
				CLANG_WARN_BOOL_CONVERSION = YES;
				CLANG_WARN_COMMA = YES;
				CLANG_WARN_CONSTANT_CONVERSION = YES;
				CLANG_WARN_DEPRECATED_OBJC_IMPLEMENTATIONS = YES;
				CLANG_WARN_DIRECT_OBJC_ISA_USAGE = YES_ERROR;
				CLANG_WARN_DOCUMENTATION_COMMENTS = YES;
				CLANG_WARN_EMPTY_BODY = YES;
				CLANG_WARN_ENUM_CONVERSION = YES;
				CLANG_WARN_INFINITE_RECURSION = YES;
				CLANG_WARN_INT_CONVERSION = YES;
				CLANG_WARN_NON_LITERAL_NULL_CONVERSION = YES;
				CLANG_WARN_OBJC_IMPLICIT_RETAIN_SELF = YES;
				CLANG_WARN_OBJC_LITERAL_CONVERSION = YES;
				CLANG_WARN_OBJC_ROOT_CLASS = YES_ERROR;
				CLANG_WARN_QUOTED_INCLUDE_IN_FRAMEWORK_HEADER = YES;
				CLANG_WARN_RANGE_LOOP_ANALYSIS = YES;
				CLANG_WARN_STRICT_PROTOTYPES = YES;
				CLANG_WARN_SUSPICIOUS_MOVE = YES;
				CLANG_WARN_UNGUARDED_AVAILABILITY = YES_AGGRESSIVE;
				CLANG_WARN_UNREACHABLE_CODE = YES;
				CLANG_WARN__DUPLICATE_METHOD_MATCH = YES;
				COPY_PHASE_STRIP = NO;
				DEBUG_INFORMATION_FORMAT = "dwarf-with-dsym";
				ENABLE_NS_ASSERTIONS = NO;
				ENABLE_STRICT_OBJC_MSGSEND = YES;
				ENABLE_USER_SCRIPT_SANDBOXING = YES;
				GCC_C_LANGUAGE_STANDARD = gnu17;
				GCC_NO_COMMON_BLOCKS = YES;
				GCC_WARN_64_TO_32_BIT_CONVERSION = YES;
				GCC_WARN_ABOUT_RETURN_TYPE = YES_ERROR;
				GCC_WARN_UNDECLARED_SELECTOR = YES;
				GCC_WARN_UNINITIALIZED_AUTOS = YES_AGGRESSIVE;
				GCC_WARN_UNUSED_FUNCTION = YES;
				GCC_WARN_UNUSED_VARIABLE = YES;
				IPHONEOS_DEPLOYMENT_TARGET = 17.0;
				LOCALIZATION_PREFERS_STRING_CATALOGS = YES;
				MTL_ENABLE_DEBUG_INFO = NO;
				MTL_FAST_MATH = YES;
				SDKROOT = iphoneos;
				SWIFT_COMPILATION_MODE = wholemodule;
				VALIDATE_PRODUCT = YES;
			};
			name = Release;
		};
		AA8A74792A32BDF4003E9B41 /* Debug */ = {
			isa = XCBuildConfiguration;
			buildSettings = {
				ASSETCATALOG_COMPILER_APPICON_NAME = AppIcon;
				ASSETCATALOG_COMPILER_GLOBAL_ACCENT_COLOR_NAME = AccentColor;
				CODE_SIGN_STYLE = Automatic;
				CURRENT_PROJECT_VERSION = 1;
				DEVELOPMENT_ASSET_PATHS = "\"Stubs/Preview Content\"";
				DEVELOPMENT_TEAM = N6RF4M6NH8;
				ENABLE_PREVIEWS = YES;
				GENERATE_INFOPLIST_FILE = YES;
				INFOPLIST_KEY_UIApplicationSceneManifest_Generation = YES;
				INFOPLIST_KEY_UIApplicationSupportsIndirectInputEvents = YES;
				INFOPLIST_KEY_UILaunchScreen_Generation = YES;
				INFOPLIST_KEY_UISupportedInterfaceOrientations_iPad = "UIInterfaceOrientationPortrait UIInterfaceOrientationPortraitUpsideDown UIInterfaceOrientationLandscapeLeft UIInterfaceOrientationLandscapeRight";
				INFOPLIST_KEY_UISupportedInterfaceOrientations_iPhone = "UIInterfaceOrientationPortrait UIInterfaceOrientationLandscapeLeft UIInterfaceOrientationLandscapeRight";
				LD_RUNPATH_SEARCH_PATHS = (
					"$(inherited)",
					"@executable_path/Frameworks",
				);
				MARKETING_VERSION = 1.0;
				PRODUCT_BUNDLE_IDENTIFIER = com.christianlavelle.Stubs;
				PRODUCT_NAME = "$(TARGET_NAME)";
				SWIFT_EMIT_LOC_STRINGS = YES;
				SWIFT_VERSION = 5.0;
				TARGETED_DEVICE_FAMILY = "1,2";
			};
			name = Debug;
		};
		AA8A747A2A32BDF4003E9B41 /* Release */ = {
			isa = XCBuildConfiguration;
			buildSettings = {
				ASSETCATALOG_COMPILER_APPICON_NAME = AppIcon;
				ASSETCATALOG_COMPILER_GLOBAL_ACCENT_COLOR_NAME = AccentColor;
				CODE_SIGN_STYLE = Automatic;
				CURRENT_PROJECT_VERSION = 1;
				DEVELOPMENT_ASSET_PATHS = "\"Stubs/Preview Content\"";
				DEVELOPMENT_TEAM = N6RF4M6NH8;
				ENABLE_PREVIEWS = YES;
				GENERATE_INFOPLIST_FILE = YES;
				INFOPLIST_KEY_UIApplicationSceneManifest_Generation = YES;
				INFOPLIST_KEY_UIApplicationSupportsIndirectInputEvents = YES;
				INFOPLIST_KEY_UILaunchScreen_Generation = YES;
				INFOPLIST_KEY_UISupportedInterfaceOrientations_iPad = "UIInterfaceOrientationPortrait UIInterfaceOrientationPortraitUpsideDown UIInterfaceOrientationLandscapeLeft UIInterfaceOrientationLandscapeRight";
				INFOPLIST_KEY_UISupportedInterfaceOrientations_iPhone = "UIInterfaceOrientationPortrait UIInterfaceOrientationLandscapeLeft UIInterfaceOrientationLandscapeRight";
				LD_RUNPATH_SEARCH_PATHS = (
					"$(inherited)",
					"@executable_path/Frameworks",
				);
				MARKETING_VERSION = 1.0;
				PRODUCT_BUNDLE_IDENTIFIER = com.christianlavelle.Stubs;
				PRODUCT_NAME = "$(TARGET_NAME)";
				SWIFT_EMIT_LOC_STRINGS = YES;
				SWIFT_VERSION = 5.0;
				TARGETED_DEVICE_FAMILY = "1,2";
			};
			name = Release;
		};
/* End XCBuildConfiguration section */

/* Begin XCConfigurationList section */
		AA8A74632A32BDF3003E9B41 /* Build configuration list for PBXProject "Stubs" */ = {
			isa = XCConfigurationList;
			buildConfigurations = (
				AA8A74762A32BDF4003E9B41 /* Debug */,
				AA8A74772A32BDF4003E9B41 /* Release */,
			);
			defaultConfigurationIsVisible = 0;
			defaultConfigurationName = Release;
		};
		AA8A74782A32BDF4003E9B41 /* Build configuration list for PBXNativeTarget "Stubs" */ = {
			isa = XCConfigurationList;
			buildConfigurations = (
				AA8A74792A32BDF4003E9B41 /* Debug */,
				AA8A747A2A32BDF4003E9B41 /* Release */,
			);
			defaultConfigurationIsVisible = 0;
			defaultConfigurationName = Release;
		};
/* End XCConfigurationList section */
	};
	rootObject = AA8A74602A32BDF3003E9B41 /* Project object */;
}
